// !$*UTF8*$!
{
	archiveVersion = 1;
	classes = {
	};
	objectVersion = 48;
	objects = {

/* Begin PBXBuildFile section */
		3007FF641E4FA37F00777BBA /* sigmaprover.c in Sources */ = {isa = PBXBuildFile; fileRef = 3007FF631E4FA37F00777BBA /* sigmaprover.c */; };
		3009ECCB1E8484D300B3DA55 /* SwiftECC.swift in Sources */ = {isa = PBXBuildFile; fileRef = 3009ECCA1E8484D300B3DA55 /* SwiftECC.swift */; };
		3010A7981DE1E72C00DD6536 /* SwiftyJSON.swift in Sources */ = {isa = PBXBuildFile; fileRef = 3010A7971DE1E72C00DD6536 /* SwiftyJSON.swift */; };
		302350541E4760A900CC9ED8 /* GMEllipticCurveCrypto.m in Sources */ = {isa = PBXBuildFile; fileRef = 302350511E4760A900CC9ED8 /* GMEllipticCurveCrypto.m */; };
		302350551E4760A900CC9ED8 /* GMEllipticCurveCrypto+hash.m in Sources */ = {isa = PBXBuildFile; fileRef = 302350531E4760A900CC9ED8 /* GMEllipticCurveCrypto+hash.m */; };
		302350601E4763D100CC9ED8 /* SigmaProver.swift in Sources */ = {isa = PBXBuildFile; fileRef = 3023505F1E4763D100CC9ED8 /* SigmaProver.swift */; };
		302350691E47693A00CC9ED8 /* KeyPair.swift in Sources */ = {isa = PBXBuildFile; fileRef = 302350681E47693A00CC9ED8 /* KeyPair.swift */; };
		302350731E47EFDD00CC9ED8 /* uk in Resources */ = {isa = PBXBuildFile; fileRef = 302350721E47EFDD00CC9ED8 /* uk */; };
		3040104D1E01AD57001D8FBD /* URLHandler.swift in Sources */ = {isa = PBXBuildFile; fileRef = 3040104C1E01AD57001D8FBD /* URLHandler.swift */; };
		3040B7111E4A7DD1009A37A0 /* libcrypto.a in Frameworks */ = {isa = PBXBuildFile; fileRef = 3040B7101E4A7DD1009A37A0 /* libcrypto.a */; };
		3040B7131E4A7DDD009A37A0 /* libssl.a in Frameworks */ = {isa = PBXBuildFile; fileRef = 3040B7121E4A7DDD009A37A0 /* libssl.a */; };
		3040B7AD1E4A9178009A37A0 /* pico.swift in Sources */ = {isa = PBXBuildFile; fileRef = 3040B7AC1E4A9178009A37A0 /* pico.swift */; };
		3040B7F11E4A9189009A37A0 /* auth.c in Sources */ = {isa = PBXBuildFile; fileRef = 3040B7AF1E4A9188009A37A0 /* auth.c */; };
		3040B7F21E4A9189009A37A0 /* base64.c in Sources */ = {isa = PBXBuildFile; fileRef = 3040B7B11E4A9188009A37A0 /* base64.c */; };
		3040B7F31E4A9189009A37A0 /* buffer.c in Sources */ = {isa = PBXBuildFile; fileRef = 3040B7B31E4A9188009A37A0 /* buffer.c */; };
		3040B7F41E4A9189009A37A0 /* cdecode.c in Sources */ = {isa = PBXBuildFile; fileRef = 3040B7B51E4A9188009A37A0 /* cdecode.c */; };
		3040B7F51E4A9189009A37A0 /* cencode.c in Sources */ = {isa = PBXBuildFile; fileRef = 3040B7B71E4A9188009A37A0 /* cencode.c */; };
		3040B7F61E4A9189009A37A0 /* channel.c in Sources */ = {isa = PBXBuildFile; fileRef = 3040B7B91E4A9188009A37A0 /* channel.c */; };
		3040B7F71E4A9189009A37A0 /* continuous.c in Sources */ = {isa = PBXBuildFile; fileRef = 3040B7BB1E4A9188009A37A0 /* continuous.c */; };
		3040B7F81E4A9189009A37A0 /* cryptosupport.c in Sources */ = {isa = PBXBuildFile; fileRef = 3040B7BD1E4A9188009A37A0 /* cryptosupport.c */; };
		3040B7F91E4A9189009A37A0 /* curlsupport.c in Sources */ = {isa = PBXBuildFile; fileRef = 3040B7BF1E4A9188009A37A0 /* curlsupport.c */; };
		3040B7FA1E4A9189009A37A0 /* debug.c in Sources */ = {isa = PBXBuildFile; fileRef = 3040B7C11E4A9188009A37A0 /* debug.c */; };
		3040B7FC1E4A9189009A37A0 /* json.c in Sources */ = {isa = PBXBuildFile; fileRef = 3040B7C61E4A9188009A37A0 /* json.c */; };
		3040B7FD1E4A9189009A37A0 /* keyagreement.c in Sources */ = {isa = PBXBuildFile; fileRef = 3040B7C81E4A9188009A37A0 /* keyagreement.c */; };
		3040B7FE1E4A9189009A37A0 /* keyauth.c in Sources */ = {isa = PBXBuildFile; fileRef = 3040B7CA1E4A9188009A37A0 /* keyauth.c */; };
		3040B7FF1E4A9189009A37A0 /* keypair.c in Sources */ = {isa = PBXBuildFile; fileRef = 3040B7CC1E4A9188009A37A0 /* keypair.c */; };
		3040B8001E4A9189009A37A0 /* keypairing.c in Sources */ = {isa = PBXBuildFile; fileRef = 3040B7CE1E4A9188009A37A0 /* keypairing.c */; };
		3040B8011E4A9189009A37A0 /* log.c in Sources */ = {isa = PBXBuildFile; fileRef = 3040B7D01E4A9188009A37A0 /* log.c */; };
		3040B8021E4A9189009A37A0 /* Makefile.am in Resources */ = {isa = PBXBuildFile; fileRef = 3040B7D21E4A9188009A37A0 /* Makefile.am */; };
		3040B8031E4A9189009A37A0 /* messagepicoauth.c in Sources */ = {isa = PBXBuildFile; fileRef = 3040B7D31E4A9188009A37A0 /* messagepicoauth.c */; };
		3040B8041E4A9189009A37A0 /* messagepicoreauth.c in Sources */ = {isa = PBXBuildFile; fileRef = 3040B7D51E4A9188009A37A0 /* messagepicoreauth.c */; };
		3040B8051E4A9189009A37A0 /* messageserviceauth.c in Sources */ = {isa = PBXBuildFile; fileRef = 3040B7D71E4A9188009A37A0 /* messageserviceauth.c */; };
		3040B8061E4A9189009A37A0 /* messageservicereauth.c in Sources */ = {isa = PBXBuildFile; fileRef = 3040B7D91E4A9188009A37A0 /* messageservicereauth.c */; };
		3040B8071E4A9189009A37A0 /* messagestart.c in Sources */ = {isa = PBXBuildFile; fileRef = 3040B7DB1E4A9188009A37A0 /* messagestart.c */; };
		3040B8081E4A9189009A37A0 /* messagestatus.c in Sources */ = {isa = PBXBuildFile; fileRef = 3040B7DD1E4A9188009A37A0 /* messagestatus.c */; };
		3040B8091E4A9189009A37A0 /* nonce.c in Sources */ = {isa = PBXBuildFile; fileRef = 3040B7DF1E4A9188009A37A0 /* nonce.c */; };
		3040B80A1E4A9189009A37A0 /* rvpbuffer.c in Sources */ = {isa = PBXBuildFile; fileRef = 3040B7E51E4A9189009A37A0 /* rvpbuffer.c */; };
		3040B80B1E4A9189009A37A0 /* sequencenumber.c in Sources */ = {isa = PBXBuildFile; fileRef = 3040B7E71E4A9189009A37A0 /* sequencenumber.c */; };
		3040B80C1E4A9189009A37A0 /* shared.c in Sources */ = {isa = PBXBuildFile; fileRef = 3040B7E91E4A9189009A37A0 /* shared.c */; };
		3040B80D1E4A9189009A37A0 /* sigmakeyderiv.c in Sources */ = {isa = PBXBuildFile; fileRef = 3040B7EB1E4A9189009A37A0 /* sigmakeyderiv.c */; };
		3040B80E1E4A9189009A37A0 /* sigmaverifier.c in Sources */ = {isa = PBXBuildFile; fileRef = 3040B7ED1E4A9189009A37A0 /* sigmaverifier.c */; };
		3040B80F1E4A9189009A37A0 /* users.c in Sources */ = {isa = PBXBuildFile; fileRef = 3040B7EF1E4A9189009A37A0 /* users.c */; };
		306810851E2AFB5500815743 /* libsqlite3.tbd in Frameworks */ = {isa = PBXBuildFile; fileRef = 306810841E2AFB5500815743 /* libsqlite3.tbd */; };
		3068109D1E2E4DEF00815743 /* FMDatabase.m in Sources */ = {isa = PBXBuildFile; fileRef = 306810931E2E4DEF00815743 /* FMDatabase.m */; };
		3068109E1E2E4DEF00815743 /* FMResultSet.m in Sources */ = {isa = PBXBuildFile; fileRef = 306810951E2E4DEF00815743 /* FMResultSet.m */; };
		3068109F1E2E4DEF00815743 /* FMDatabaseQueue.m in Sources */ = {isa = PBXBuildFile; fileRef = 306810971E2E4DEF00815743 /* FMDatabaseQueue.m */; };
		306810A01E2E4DEF00815743 /* FMDatabaseAdditions.m in Sources */ = {isa = PBXBuildFile; fileRef = 306810991E2E4DEF00815743 /* FMDatabaseAdditions.m */; };
		306810A11E2E4DEF00815743 /* FMDatabasePool.m in Sources */ = {isa = PBXBuildFile; fileRef = 3068109B1E2E4DEF00815743 /* FMDatabasePool.m */; };
		306810A21E2E4DEF00815743 /* Info.plist in Resources */ = {isa = PBXBuildFile; fileRef = 3068109C1E2E4DEF00815743 /* Info.plist */; };
		306810A41E2E504300815743 /* DatabaseManager.swift in Sources */ = {isa = PBXBuildFile; fileRef = 306810A31E2E504300815743 /* DatabaseManager.swift */; };
		3072BE0B1DE236880083899C /* VisualCode.swift in Sources */ = {isa = PBXBuildFile; fileRef = 3072BE0A1DE236880083899C /* VisualCode.swift */; };
		3072BE0E1DE237820083899C /* SignedVisualCode.swift in Sources */ = {isa = PBXBuildFile; fileRef = 3072BE0D1DE237820083899C /* SignedVisualCode.swift */; };
		3084C0D81E67A61700EF9A27 /* LocalAuthentication.framework in Frameworks */ = {isa = PBXBuildFile; fileRef = 30A48B6D1E55D0210097E840 /* LocalAuthentication.framework */; };
		3084C0E61E67A70300EF9A27 /* CodeHandler.swift in Sources */ = {isa = PBXBuildFile; fileRef = 3084C0E51E67A70300EF9A27 /* CodeHandler.swift */; };
		3098BEA81DE1DE64009C62D4 /* AppDelegate.swift in Sources */ = {isa = PBXBuildFile; fileRef = 3098BEA71DE1DE64009C62D4 /* AppDelegate.swift */; };
		3098BEAA1DE1DE64009C62D4 /* ViewController.swift in Sources */ = {isa = PBXBuildFile; fileRef = 3098BEA91DE1DE64009C62D4 /* ViewController.swift */; };
		3098BEAD1DE1DE64009C62D4 /* Main.storyboard in Resources */ = {isa = PBXBuildFile; fileRef = 3098BEAB1DE1DE64009C62D4 /* Main.storyboard */; };
		3098BEAF1DE1DE64009C62D4 /* Assets.xcassets in Resources */ = {isa = PBXBuildFile; fileRef = 3098BEAE1DE1DE64009C62D4 /* Assets.xcassets */; };
		3098BEB21DE1DE64009C62D4 /* LaunchScreen.storyboard in Resources */ = {isa = PBXBuildFile; fileRef = 3098BEB01DE1DE64009C62D4 /* LaunchScreen.storyboard */; };
		3098BEBD1DE1DE65009C62D4 /* ScannerTests.swift in Sources */ = {isa = PBXBuildFile; fileRef = 3098BEBC1DE1DE65009C62D4 /* ScannerTests.swift */; };
		3098BEC81DE1DE65009C62D4 /* ScannerUITests.swift in Sources */ = {isa = PBXBuildFile; fileRef = 3098BEC71DE1DE65009C62D4 /* ScannerUITests.swift */; };
		30A48B5E1E4FC90D0097E840 /* Security.framework in Frameworks */ = {isa = PBXBuildFile; fileRef = 3040B8271E4AA126009A37A0 /* Security.framework */; };
		30A48B661E4FD1DD0097E840 /* libcurl.a in Frameworks */ = {isa = PBXBuildFile; fileRef = 3040B8251E4AA0DC009A37A0 /* libcurl.a */; };
		30A48B681E4FD23C0097E840 /* libz.1.dylib in Frameworks */ = {isa = PBXBuildFile; fileRef = 3040B8291E4AA146009A37A0 /* libz.1.dylib */; };
		30CBAB221E848A9900B7EB45 /* MG Basic Math.swift in Sources */ = {isa = PBXBuildFile; fileRef = 30CBAB1D1E848A9900B7EB45 /* MG Basic Math.swift */; };
		30CBAB231E848A9900B7EB45 /* MG Benchmark Tools.swift in Sources */ = {isa = PBXBuildFile; fileRef = 30CBAB1E1E848A9900B7EB45 /* MG Benchmark Tools.swift */; };
		30CBAB241E848A9900B7EB45 /* SMP Bignum Extensions.swift in Sources */ = {isa = PBXBuildFile; fileRef = 30CBAB1F1E848A9900B7EB45 /* SMP Bignum Extensions.swift */; };
		30CBAB251E848A9900B7EB45 /* SMP Core.swift in Sources */ = {isa = PBXBuildFile; fileRef = 30CBAB201E848A9900B7EB45 /* SMP Core.swift */; };
		30CBAB261E848A9900B7EB45 /* SMP String Module.swift in Sources */ = {isa = PBXBuildFile; fileRef = 30CBAB211E848A9900B7EB45 /* SMP String Module.swift */; };
/* End PBXBuildFile section */

/* Begin PBXBuildRule section */
		304292491E48D5B400E3DE78 /* PBXBuildRule */ = {
			isa = PBXBuildRule;
			compilerSpec = com.apple.compilers.proxy.script;
			fileType = sourcecode.java;
			isEditable = 1;
			outputFiles = (
				"${DERIVED_FILES_DIR}/${INPUT_FILE_BASE}.h",
				"${DERIVED_FILES_DIR}/${INPUT_FILE_BASE}.m",
			);
			script = "
";
		};
/* End PBXBuildRule section */

/* Begin PBXContainerItemProxy section */
		3007FF5A1E4D30DA00777BBA /* PBXContainerItemProxy */ = {
			isa = PBXContainerItemProxy;
			containerPortal = 3007FF521E4D30D900777BBA /* JreEmulation.xcodeproj */;
			proxyType = 2;
			remoteGlobalIDString = 06619385155848D70004DAFE;
			remoteInfo = jre_emul;
		};
		3007FF5C1E4D30DA00777BBA /* PBXContainerItemProxy */ = {
			isa = PBXContainerItemProxy;
			containerPortal = 3007FF521E4D30D900777BBA /* JreEmulation.xcodeproj */;
			proxyType = 2;
			remoteGlobalIDString = 06ED87B819759EFF00633227;
			remoteInfo = JREJUnitTests;
		};
		3007FF5E1E4D30DA00777BBA /* PBXContainerItemProxy */ = {
			isa = PBXContainerItemProxy;
			containerPortal = 3007FF521E4D30D900777BBA /* JreEmulation.xcodeproj */;
			proxyType = 2;
			remoteGlobalIDString = 0620F4E61BB60A6100626242;
			remoteInfo = jre_emul_xctests;
		};
		3098BEB91DE1DE65009C62D4 /* PBXContainerItemProxy */ = {
			isa = PBXContainerItemProxy;
			containerPortal = 3098BE9C1DE1DE64009C62D4 /* Project object */;
			proxyType = 1;
			remoteGlobalIDString = 3098BEA31DE1DE64009C62D4;
			remoteInfo = Scanner;
		};
		3098BEC41DE1DE65009C62D4 /* PBXContainerItemProxy */ = {
			isa = PBXContainerItemProxy;
			containerPortal = 3098BE9C1DE1DE64009C62D4 /* Project object */;
			proxyType = 1;
			remoteGlobalIDString = 3098BEA31DE1DE64009C62D4;
			remoteInfo = Scanner;
		};
/* End PBXContainerItemProxy section */

/* Begin PBXCopyFilesBuildPhase section */
		3040106B1E01AE89001D8FBD /* Embed Frameworks */ = {
			isa = PBXCopyFilesBuildPhase;
			buildActionMask = 2147483647;
			dstPath = "";
			dstSubfolderSpec = 10;
			files = (
			);
			name = "Embed Frameworks";
			runOnlyForDeploymentPostprocessing = 0;
		};
/* End PBXCopyFilesBuildPhase section */

/* Begin PBXFileReference section */
		3007FF521E4D30D900777BBA /* JreEmulation.xcodeproj */ = {isa = PBXFileReference; lastKnownFileType = "wrapper.pb-project"; name = JreEmulation.xcodeproj; path = "../../Downloads/j2objc-master-2/jre_emul/JreEmulation.xcodeproj"; sourceTree = "<group>"; };
		3007FF631E4FA37F00777BBA /* sigmaprover.c */ = {isa = PBXFileReference; fileEncoding = 4; lastKnownFileType = sourcecode.c.c; name = sigmaprover.c; path = Scanner/pico/sigmaprover.c; sourceTree = "<group>"; };
		3007FF651E4FC63D00777BBA /* libz.tbd */ = {isa = PBXFileReference; lastKnownFileType = "sourcecode.text-based-dylib-definition"; name = libz.tbd; path = usr/lib/libz.tbd; sourceTree = SDKROOT; };
		3009ECCA1E8484D300B3DA55 /* SwiftECC.swift */ = {isa = PBXFileReference; fileEncoding = 4; lastKnownFileType = sourcecode.swift; name = SwiftECC.swift; path = ../SwiftECC.swift; sourceTree = "<group>"; };
		3010A7971DE1E72C00DD6536 /* SwiftyJSON.swift */ = {isa = PBXFileReference; fileEncoding = 4; lastKnownFileType = sourcecode.swift; path = SwiftyJSON.swift; sourceTree = "<group>"; };
		302350501E4760A900CC9ED8 /* GMEllipticCurveCrypto.h */ = {isa = PBXFileReference; fileEncoding = 4; lastKnownFileType = sourcecode.c.h; name = GMEllipticCurveCrypto.h; path = "../../Downloads/GMEllipticCurveCrypto-master/GMEllipticCurveCrypto.h"; sourceTree = "<group>"; };
		302350511E4760A900CC9ED8 /* GMEllipticCurveCrypto.m */ = {isa = PBXFileReference; fileEncoding = 4; lastKnownFileType = sourcecode.c.objc; name = GMEllipticCurveCrypto.m; path = "../../Downloads/GMEllipticCurveCrypto-master/GMEllipticCurveCrypto.m"; sourceTree = "<group>"; };
		302350521E4760A900CC9ED8 /* GMEllipticCurveCrypto+hash.h */ = {isa = PBXFileReference; fileEncoding = 4; lastKnownFileType = sourcecode.c.h; name = "GMEllipticCurveCrypto+hash.h"; path = "../../Downloads/GMEllipticCurveCrypto-master/GMEllipticCurveCrypto+hash.h"; sourceTree = "<group>"; };
		302350531E4760A900CC9ED8 /* GMEllipticCurveCrypto+hash.m */ = {isa = PBXFileReference; fileEncoding = 4; lastKnownFileType = sourcecode.c.objc; name = "GMEllipticCurveCrypto+hash.m"; path = "../../Downloads/GMEllipticCurveCrypto-master/GMEllipticCurveCrypto+hash.m"; sourceTree = "<group>"; };
		3023505F1E4763D100CC9ED8 /* SigmaProver.swift */ = {isa = PBXFileReference; fileEncoding = 4; lastKnownFileType = sourcecode.swift; path = SigmaProver.swift; sourceTree = "<group>"; };
		302350681E47693A00CC9ED8 /* KeyPair.swift */ = {isa = PBXFileReference; fileEncoding = 4; lastKnownFileType = sourcecode.swift; path = KeyPair.swift; sourceTree = "<group>"; };
		302350721E47EFDD00CC9ED8 /* uk */ = {isa = PBXFileReference; lastKnownFileType = folder; name = uk; path = /Users/adamroberts/Desktop/Scanner/Scanner/uk; sourceTree = "<absolute>"; };
		302350871E4801FF00CC9ED8 /* libjre_net.a */ = {isa = PBXFileReference; lastKnownFileType = archive.ar; name = libjre_net.a; path = "../../Downloads/j2objc-master-2/dist/lib/libjre_net.a"; sourceTree = "<group>"; };
		302350891E48021000CC9ED8 /* libjre_channels.a */ = {isa = PBXFileReference; lastKnownFileType = archive.ar; name = libjre_channels.a; path = "../../Downloads/j2objc-master-2/dist/lib/libjre_channels.a"; sourceTree = "<group>"; };
		3023508B1E48022600CC9ED8 /* libjre_security.a */ = {isa = PBXFileReference; lastKnownFileType = archive.ar; name = libjre_security.a; path = "../../Downloads/j2objc-master-2/dist/lib/libjre_security.a"; sourceTree = "<group>"; };
		3023508D1E48023200CC9ED8 /* libjre_io.a */ = {isa = PBXFileReference; lastKnownFileType = archive.ar; name = libjre_io.a; path = "../../Downloads/j2objc-master-2/dist/lib/libjre_io.a"; sourceTree = "<group>"; };
		3023508F1E48028A00CC9ED8 /* libjre_emul.a */ = {isa = PBXFileReference; lastKnownFileType = archive.ar; name = libjre_emul.a; path = "../../Downloads/j2objc-master-2/dist/lib/libjre_emul.a"; sourceTree = "<group>"; };
		3040104C1E01AD57001D8FBD /* URLHandler.swift */ = {isa = PBXFileReference; fileEncoding = 4; lastKnownFileType = sourcecode.swift; path = URLHandler.swift; sourceTree = "<group>"; };
		3040B7101E4A7DD1009A37A0 /* libcrypto.a */ = {isa = PBXFileReference; lastKnownFileType = archive.ar; name = libcrypto.a; path = OpenSSL/lib/libcrypto.a; sourceTree = "<group>"; };
		3040B7121E4A7DDD009A37A0 /* libssl.a */ = {isa = PBXFileReference; lastKnownFileType = archive.ar; name = libssl.a; path = OpenSSL/lib/libssl.a; sourceTree = "<group>"; };
		3040B7151E4A7ECB009A37A0 /* aes.h */ = {isa = PBXFileReference; fileEncoding = 4; lastKnownFileType = sourcecode.c.h; path = aes.h; sourceTree = "<group>"; };
		3040B7161E4A7ECB009A37A0 /* asn1.h */ = {isa = PBXFileReference; fileEncoding = 4; lastKnownFileType = sourcecode.c.h; path = asn1.h; sourceTree = "<group>"; };
		3040B7171E4A7ECB009A37A0 /* asn1_mac.h */ = {isa = PBXFileReference; fileEncoding = 4; lastKnownFileType = sourcecode.c.h; path = asn1_mac.h; sourceTree = "<group>"; };
		3040B7181E4A7ECB009A37A0 /* asn1t.h */ = {isa = PBXFileReference; fileEncoding = 4; lastKnownFileType = sourcecode.c.h; path = asn1t.h; sourceTree = "<group>"; };
		3040B7191E4A7ECB009A37A0 /* bio.h */ = {isa = PBXFileReference; fileEncoding = 4; lastKnownFileType = sourcecode.c.h; path = bio.h; sourceTree = "<group>"; };
		3040B71A1E4A7ECB009A37A0 /* blowfish.h */ = {isa = PBXFileReference; fileEncoding = 4; lastKnownFileType = sourcecode.c.h; path = blowfish.h; sourceTree = "<group>"; };
		3040B71B1E4A7ECB009A37A0 /* bn.h */ = {isa = PBXFileReference; fileEncoding = 4; lastKnownFileType = sourcecode.c.h; path = bn.h; sourceTree = "<group>"; };
		3040B71C1E4A7ECB009A37A0 /* buffer.h */ = {isa = PBXFileReference; fileEncoding = 4; lastKnownFileType = sourcecode.c.h; path = buffer.h; sourceTree = "<group>"; };
		3040B71D1E4A7ECB009A37A0 /* camellia.h */ = {isa = PBXFileReference; fileEncoding = 4; lastKnownFileType = sourcecode.c.h; path = camellia.h; sourceTree = "<group>"; };
		3040B71E1E4A7ECB009A37A0 /* cast.h */ = {isa = PBXFileReference; fileEncoding = 4; lastKnownFileType = sourcecode.c.h; path = cast.h; sourceTree = "<group>"; };
		3040B71F1E4A7ECB009A37A0 /* cmac.h */ = {isa = PBXFileReference; fileEncoding = 4; lastKnownFileType = sourcecode.c.h; path = cmac.h; sourceTree = "<group>"; };
		3040B7201E4A7ECB009A37A0 /* cms.h */ = {isa = PBXFileReference; fileEncoding = 4; lastKnownFileType = sourcecode.c.h; path = cms.h; sourceTree = "<group>"; };
		3040B7211E4A7ECB009A37A0 /* comp.h */ = {isa = PBXFileReference; fileEncoding = 4; lastKnownFileType = sourcecode.c.h; path = comp.h; sourceTree = "<group>"; };
		3040B7221E4A7ECB009A37A0 /* conf.h */ = {isa = PBXFileReference; fileEncoding = 4; lastKnownFileType = sourcecode.c.h; path = conf.h; sourceTree = "<group>"; };
		3040B7231E4A7ECB009A37A0 /* conf_api.h */ = {isa = PBXFileReference; fileEncoding = 4; lastKnownFileType = sourcecode.c.h; path = conf_api.h; sourceTree = "<group>"; };
		3040B7241E4A7ECB009A37A0 /* crypto.h */ = {isa = PBXFileReference; fileEncoding = 4; lastKnownFileType = sourcecode.c.h; path = crypto.h; sourceTree = "<group>"; };
		3040B7251E4A7ECB009A37A0 /* des.h */ = {isa = PBXFileReference; fileEncoding = 4; lastKnownFileType = sourcecode.c.h; path = des.h; sourceTree = "<group>"; };
		3040B7261E4A7ECB009A37A0 /* des_old.h */ = {isa = PBXFileReference; fileEncoding = 4; lastKnownFileType = sourcecode.c.h; path = des_old.h; sourceTree = "<group>"; };
		3040B7271E4A7ECB009A37A0 /* dh.h */ = {isa = PBXFileReference; fileEncoding = 4; lastKnownFileType = sourcecode.c.h; path = dh.h; sourceTree = "<group>"; };
		3040B7281E4A7ECB009A37A0 /* dsa.h */ = {isa = PBXFileReference; fileEncoding = 4; lastKnownFileType = sourcecode.c.h; path = dsa.h; sourceTree = "<group>"; };
		3040B7291E4A7ECB009A37A0 /* dso.h */ = {isa = PBXFileReference; fileEncoding = 4; lastKnownFileType = sourcecode.c.h; path = dso.h; sourceTree = "<group>"; };
		3040B72A1E4A7ECB009A37A0 /* dtls1.h */ = {isa = PBXFileReference; fileEncoding = 4; lastKnownFileType = sourcecode.c.h; path = dtls1.h; sourceTree = "<group>"; };
		3040B72B1E4A7ECB009A37A0 /* e_os2.h */ = {isa = PBXFileReference; fileEncoding = 4; lastKnownFileType = sourcecode.c.h; path = e_os2.h; sourceTree = "<group>"; };
		3040B72C1E4A7ECB009A37A0 /* ebcdic.h */ = {isa = PBXFileReference; fileEncoding = 4; lastKnownFileType = sourcecode.c.h; path = ebcdic.h; sourceTree = "<group>"; };
		3040B72D1E4A7ECB009A37A0 /* ec.h */ = {isa = PBXFileReference; fileEncoding = 4; lastKnownFileType = sourcecode.c.h; path = ec.h; sourceTree = "<group>"; };
		3040B72E1E4A7ECB009A37A0 /* ecdh.h */ = {isa = PBXFileReference; fileEncoding = 4; lastKnownFileType = sourcecode.c.h; path = ecdh.h; sourceTree = "<group>"; };
		3040B72F1E4A7ECB009A37A0 /* ecdsa.h */ = {isa = PBXFileReference; fileEncoding = 4; lastKnownFileType = sourcecode.c.h; path = ecdsa.h; sourceTree = "<group>"; };
		3040B7301E4A7ECB009A37A0 /* engine.h */ = {isa = PBXFileReference; fileEncoding = 4; lastKnownFileType = sourcecode.c.h; path = engine.h; sourceTree = "<group>"; };
		3040B7311E4A7ECB009A37A0 /* err.h */ = {isa = PBXFileReference; fileEncoding = 4; lastKnownFileType = sourcecode.c.h; path = err.h; sourceTree = "<group>"; };
		3040B7321E4A7ECB009A37A0 /* evp.h */ = {isa = PBXFileReference; fileEncoding = 4; lastKnownFileType = sourcecode.c.h; path = evp.h; sourceTree = "<group>"; };
		3040B7331E4A7ECB009A37A0 /* hmac.h */ = {isa = PBXFileReference; fileEncoding = 4; lastKnownFileType = sourcecode.c.h; path = hmac.h; sourceTree = "<group>"; };
		3040B7341E4A7ECB009A37A0 /* idea.h */ = {isa = PBXFileReference; fileEncoding = 4; lastKnownFileType = sourcecode.c.h; path = idea.h; sourceTree = "<group>"; };
		3040B7351E4A7ECB009A37A0 /* krb5_asn.h */ = {isa = PBXFileReference; fileEncoding = 4; lastKnownFileType = sourcecode.c.h; path = krb5_asn.h; sourceTree = "<group>"; };
		3040B7361E4A7ECB009A37A0 /* kssl.h */ = {isa = PBXFileReference; fileEncoding = 4; lastKnownFileType = sourcecode.c.h; path = kssl.h; sourceTree = "<group>"; };
		3040B7371E4A7ECB009A37A0 /* lhash.h */ = {isa = PBXFileReference; fileEncoding = 4; lastKnownFileType = sourcecode.c.h; path = lhash.h; sourceTree = "<group>"; };
		3040B7381E4A7ECB009A37A0 /* md4.h */ = {isa = PBXFileReference; fileEncoding = 4; lastKnownFileType = sourcecode.c.h; path = md4.h; sourceTree = "<group>"; };
		3040B7391E4A7ECB009A37A0 /* md5.h */ = {isa = PBXFileReference; fileEncoding = 4; lastKnownFileType = sourcecode.c.h; path = md5.h; sourceTree = "<group>"; };
		3040B73A1E4A7ECB009A37A0 /* mdc2.h */ = {isa = PBXFileReference; fileEncoding = 4; lastKnownFileType = sourcecode.c.h; path = mdc2.h; sourceTree = "<group>"; };
		3040B73B1E4A7ECB009A37A0 /* modes.h */ = {isa = PBXFileReference; fileEncoding = 4; lastKnownFileType = sourcecode.c.h; path = modes.h; sourceTree = "<group>"; };
		3040B73C1E4A7ECB009A37A0 /* obj_mac.h */ = {isa = PBXFileReference; fileEncoding = 4; lastKnownFileType = sourcecode.c.h; path = obj_mac.h; sourceTree = "<group>"; };
		3040B73D1E4A7ECB009A37A0 /* objects.h */ = {isa = PBXFileReference; fileEncoding = 4; lastKnownFileType = sourcecode.c.h; path = objects.h; sourceTree = "<group>"; };
		3040B73E1E4A7ECB009A37A0 /* ocsp.h */ = {isa = PBXFileReference; fileEncoding = 4; lastKnownFileType = sourcecode.c.h; path = ocsp.h; sourceTree = "<group>"; };
		3040B73F1E4A7ECB009A37A0 /* opensslconf.h */ = {isa = PBXFileReference; fileEncoding = 4; lastKnownFileType = sourcecode.c.h; path = opensslconf.h; sourceTree = "<group>"; };
		3040B7401E4A7ECB009A37A0 /* opensslv.h */ = {isa = PBXFileReference; fileEncoding = 4; lastKnownFileType = sourcecode.c.h; path = opensslv.h; sourceTree = "<group>"; };
		3040B7411E4A7ECB009A37A0 /* ossl_typ.h */ = {isa = PBXFileReference; fileEncoding = 4; lastKnownFileType = sourcecode.c.h; path = ossl_typ.h; sourceTree = "<group>"; };
		3040B7421E4A7ECB009A37A0 /* pem.h */ = {isa = PBXFileReference; fileEncoding = 4; lastKnownFileType = sourcecode.c.h; path = pem.h; sourceTree = "<group>"; };
		3040B7431E4A7ECB009A37A0 /* pem2.h */ = {isa = PBXFileReference; fileEncoding = 4; lastKnownFileType = sourcecode.c.h; path = pem2.h; sourceTree = "<group>"; };
		3040B7441E4A7ECB009A37A0 /* pkcs12.h */ = {isa = PBXFileReference; fileEncoding = 4; lastKnownFileType = sourcecode.c.h; path = pkcs12.h; sourceTree = "<group>"; };
		3040B7451E4A7ECB009A37A0 /* pkcs7.h */ = {isa = PBXFileReference; fileEncoding = 4; lastKnownFileType = sourcecode.c.h; path = pkcs7.h; sourceTree = "<group>"; };
		3040B7461E4A7ECB009A37A0 /* pqueue.h */ = {isa = PBXFileReference; fileEncoding = 4; lastKnownFileType = sourcecode.c.h; path = pqueue.h; sourceTree = "<group>"; };
		3040B7471E4A7ECB009A37A0 /* rand.h */ = {isa = PBXFileReference; fileEncoding = 4; lastKnownFileType = sourcecode.c.h; path = rand.h; sourceTree = "<group>"; };
		3040B7481E4A7ECB009A37A0 /* rc2.h */ = {isa = PBXFileReference; fileEncoding = 4; lastKnownFileType = sourcecode.c.h; path = rc2.h; sourceTree = "<group>"; };
		3040B7491E4A7ECB009A37A0 /* rc4.h */ = {isa = PBXFileReference; fileEncoding = 4; lastKnownFileType = sourcecode.c.h; path = rc4.h; sourceTree = "<group>"; };
		3040B74A1E4A7ECB009A37A0 /* ripemd.h */ = {isa = PBXFileReference; fileEncoding = 4; lastKnownFileType = sourcecode.c.h; path = ripemd.h; sourceTree = "<group>"; };
		3040B74B1E4A7ECB009A37A0 /* rsa.h */ = {isa = PBXFileReference; fileEncoding = 4; lastKnownFileType = sourcecode.c.h; path = rsa.h; sourceTree = "<group>"; };
		3040B74C1E4A7ECB009A37A0 /* safestack.h */ = {isa = PBXFileReference; fileEncoding = 4; lastKnownFileType = sourcecode.c.h; path = safestack.h; sourceTree = "<group>"; };
		3040B74D1E4A7ECB009A37A0 /* seed.h */ = {isa = PBXFileReference; fileEncoding = 4; lastKnownFileType = sourcecode.c.h; path = seed.h; sourceTree = "<group>"; };
		3040B74E1E4A7ECB009A37A0 /* sha.h */ = {isa = PBXFileReference; fileEncoding = 4; lastKnownFileType = sourcecode.c.h; path = sha.h; sourceTree = "<group>"; };
		3040B74F1E4A7ECB009A37A0 /* srp.h */ = {isa = PBXFileReference; fileEncoding = 4; lastKnownFileType = sourcecode.c.h; path = srp.h; sourceTree = "<group>"; };
		3040B7501E4A7ECB009A37A0 /* srtp.h */ = {isa = PBXFileReference; fileEncoding = 4; lastKnownFileType = sourcecode.c.h; path = srtp.h; sourceTree = "<group>"; };
		3040B7511E4A7ECB009A37A0 /* ssl.h */ = {isa = PBXFileReference; fileEncoding = 4; lastKnownFileType = sourcecode.c.h; path = ssl.h; sourceTree = "<group>"; };
		3040B7521E4A7ECB009A37A0 /* ssl2.h */ = {isa = PBXFileReference; fileEncoding = 4; lastKnownFileType = sourcecode.c.h; path = ssl2.h; sourceTree = "<group>"; };
		3040B7531E4A7ECB009A37A0 /* ssl23.h */ = {isa = PBXFileReference; fileEncoding = 4; lastKnownFileType = sourcecode.c.h; path = ssl23.h; sourceTree = "<group>"; };
		3040B7541E4A7ECB009A37A0 /* ssl3.h */ = {isa = PBXFileReference; fileEncoding = 4; lastKnownFileType = sourcecode.c.h; path = ssl3.h; sourceTree = "<group>"; };
		3040B7551E4A7ECB009A37A0 /* stack.h */ = {isa = PBXFileReference; fileEncoding = 4; lastKnownFileType = sourcecode.c.h; path = stack.h; sourceTree = "<group>"; };
		3040B7561E4A7ECB009A37A0 /* symhacks.h */ = {isa = PBXFileReference; fileEncoding = 4; lastKnownFileType = sourcecode.c.h; path = symhacks.h; sourceTree = "<group>"; };
		3040B7571E4A7ECB009A37A0 /* tls1.h */ = {isa = PBXFileReference; fileEncoding = 4; lastKnownFileType = sourcecode.c.h; path = tls1.h; sourceTree = "<group>"; };
		3040B7581E4A7ECB009A37A0 /* ts.h */ = {isa = PBXFileReference; fileEncoding = 4; lastKnownFileType = sourcecode.c.h; path = ts.h; sourceTree = "<group>"; };
		3040B7591E4A7ECB009A37A0 /* txt_db.h */ = {isa = PBXFileReference; fileEncoding = 4; lastKnownFileType = sourcecode.c.h; path = txt_db.h; sourceTree = "<group>"; };
		3040B75A1E4A7ECB009A37A0 /* ui.h */ = {isa = PBXFileReference; fileEncoding = 4; lastKnownFileType = sourcecode.c.h; path = ui.h; sourceTree = "<group>"; };
		3040B75B1E4A7ECB009A37A0 /* ui_compat.h */ = {isa = PBXFileReference; fileEncoding = 4; lastKnownFileType = sourcecode.c.h; path = ui_compat.h; sourceTree = "<group>"; };
		3040B75C1E4A7ECB009A37A0 /* whrlpool.h */ = {isa = PBXFileReference; fileEncoding = 4; lastKnownFileType = sourcecode.c.h; path = whrlpool.h; sourceTree = "<group>"; };
		3040B75D1E4A7ECB009A37A0 /* x509.h */ = {isa = PBXFileReference; fileEncoding = 4; lastKnownFileType = sourcecode.c.h; path = x509.h; sourceTree = "<group>"; };
		3040B75E1E4A7ECB009A37A0 /* x509_vfy.h */ = {isa = PBXFileReference; fileEncoding = 4; lastKnownFileType = sourcecode.c.h; path = x509_vfy.h; sourceTree = "<group>"; };
		3040B75F1E4A7ECB009A37A0 /* x509v3.h */ = {isa = PBXFileReference; fileEncoding = 4; lastKnownFileType = sourcecode.c.h; path = x509v3.h; sourceTree = "<group>"; };
		3040B7AC1E4A9178009A37A0 /* pico.swift */ = {isa = PBXFileReference; fileEncoding = 4; lastKnownFileType = sourcecode.swift; path = pico.swift; sourceTree = "<group>"; };
		3040B7AF1E4A9188009A37A0 /* auth.c */ = {isa = PBXFileReference; fileEncoding = 4; lastKnownFileType = sourcecode.c.c; name = auth.c; path = Scanner/pico/auth.c; sourceTree = "<group>"; };
		3040B7B01E4A9188009A37A0 /* auth.h */ = {isa = PBXFileReference; fileEncoding = 4; lastKnownFileType = sourcecode.c.h; name = auth.h; path = Scanner/pico/auth.h; sourceTree = "<group>"; };
		3040B7B11E4A9188009A37A0 /* base64.c */ = {isa = PBXFileReference; fileEncoding = 4; lastKnownFileType = sourcecode.c.c; name = base64.c; path = Scanner/pico/base64.c; sourceTree = "<group>"; };
		3040B7B21E4A9188009A37A0 /* base64.h */ = {isa = PBXFileReference; fileEncoding = 4; lastKnownFileType = sourcecode.c.h; name = base64.h; path = Scanner/pico/base64.h; sourceTree = "<group>"; };
		3040B7B31E4A9188009A37A0 /* buffer.c */ = {isa = PBXFileReference; fileEncoding = 4; lastKnownFileType = sourcecode.c.c; name = buffer.c; path = Scanner/pico/buffer.c; sourceTree = "<group>"; };
		3040B7B41E4A9188009A37A0 /* buffer.h */ = {isa = PBXFileReference; fileEncoding = 4; lastKnownFileType = sourcecode.c.h; name = buffer.h; path = Scanner/pico/buffer.h; sourceTree = "<group>"; };
		3040B7B51E4A9188009A37A0 /* cdecode.c */ = {isa = PBXFileReference; fileEncoding = 4; lastKnownFileType = sourcecode.c.c; name = cdecode.c; path = Scanner/pico/cdecode.c; sourceTree = "<group>"; };
		3040B7B61E4A9188009A37A0 /* cdecode.h */ = {isa = PBXFileReference; fileEncoding = 4; lastKnownFileType = sourcecode.c.h; name = cdecode.h; path = Scanner/pico/cdecode.h; sourceTree = "<group>"; };
		3040B7B71E4A9188009A37A0 /* cencode.c */ = {isa = PBXFileReference; fileEncoding = 4; lastKnownFileType = sourcecode.c.c; name = cencode.c; path = Scanner/pico/cencode.c; sourceTree = "<group>"; };
		3040B7B81E4A9188009A37A0 /* cencode.h */ = {isa = PBXFileReference; fileEncoding = 4; lastKnownFileType = sourcecode.c.h; name = cencode.h; path = Scanner/pico/cencode.h; sourceTree = "<group>"; };
		3040B7B91E4A9188009A37A0 /* channel.c */ = {isa = PBXFileReference; fileEncoding = 4; lastKnownFileType = sourcecode.c.c; name = channel.c; path = Scanner/pico/channel.c; sourceTree = "<group>"; };
		3040B7BA1E4A9188009A37A0 /* channel.h */ = {isa = PBXFileReference; fileEncoding = 4; lastKnownFileType = sourcecode.c.h; name = channel.h; path = Scanner/pico/channel.h; sourceTree = "<group>"; };
		3040B7BB1E4A9188009A37A0 /* continuous.c */ = {isa = PBXFileReference; fileEncoding = 4; lastKnownFileType = sourcecode.c.c; name = continuous.c; path = Scanner/pico/continuous.c; sourceTree = "<group>"; };
		3040B7BC1E4A9188009A37A0 /* continuous.h */ = {isa = PBXFileReference; fileEncoding = 4; lastKnownFileType = sourcecode.c.h; name = continuous.h; path = Scanner/pico/continuous.h; sourceTree = "<group>"; };
		3040B7BD1E4A9188009A37A0 /* cryptosupport.c */ = {isa = PBXFileReference; fileEncoding = 4; lastKnownFileType = sourcecode.c.c; name = cryptosupport.c; path = Scanner/pico/cryptosupport.c; sourceTree = "<group>"; };
		3040B7BE1E4A9188009A37A0 /* cryptosupport.h */ = {isa = PBXFileReference; fileEncoding = 4; lastKnownFileType = sourcecode.c.h; name = cryptosupport.h; path = Scanner/pico/cryptosupport.h; sourceTree = "<group>"; };
		3040B7BF1E4A9188009A37A0 /* curlsupport.c */ = {isa = PBXFileReference; fileEncoding = 4; lastKnownFileType = sourcecode.c.c; name = curlsupport.c; path = Scanner/pico/curlsupport.c; sourceTree = "<group>"; };
		3040B7C01E4A9188009A37A0 /* curlsupport.h */ = {isa = PBXFileReference; fileEncoding = 4; lastKnownFileType = sourcecode.c.h; name = curlsupport.h; path = Scanner/pico/curlsupport.h; sourceTree = "<group>"; };
		3040B7C11E4A9188009A37A0 /* debug.c */ = {isa = PBXFileReference; fileEncoding = 4; lastKnownFileType = sourcecode.c.c; name = debug.c; path = Scanner/pico/debug.c; sourceTree = "<group>"; };
		3040B7C21E4A9188009A37A0 /* debug.h */ = {isa = PBXFileReference; fileEncoding = 4; lastKnownFileType = sourcecode.c.h; name = debug.h; path = Scanner/pico/debug.h; sourceTree = "<group>"; };
		3040B7C51E4A9188009A37A0 /* dllpublic.h */ = {isa = PBXFileReference; fileEncoding = 4; lastKnownFileType = sourcecode.c.h; name = dllpublic.h; path = Scanner/pico/dllpublic.h; sourceTree = "<group>"; };
		3040B7C61E4A9188009A37A0 /* json.c */ = {isa = PBXFileReference; fileEncoding = 4; lastKnownFileType = sourcecode.c.c; name = json.c; path = Scanner/pico/json.c; sourceTree = "<group>"; };
		3040B7C71E4A9188009A37A0 /* json.h */ = {isa = PBXFileReference; fileEncoding = 4; lastKnownFileType = sourcecode.c.h; name = json.h; path = Scanner/pico/json.h; sourceTree = "<group>"; };
		3040B7C81E4A9188009A37A0 /* keyagreement.c */ = {isa = PBXFileReference; fileEncoding = 4; lastKnownFileType = sourcecode.c.c; name = keyagreement.c; path = Scanner/pico/keyagreement.c; sourceTree = "<group>"; };
		3040B7C91E4A9188009A37A0 /* keyagreement.h */ = {isa = PBXFileReference; fileEncoding = 4; lastKnownFileType = sourcecode.c.h; name = keyagreement.h; path = Scanner/pico/keyagreement.h; sourceTree = "<group>"; };
		3040B7CA1E4A9188009A37A0 /* keyauth.c */ = {isa = PBXFileReference; fileEncoding = 4; lastKnownFileType = sourcecode.c.c; name = keyauth.c; path = Scanner/pico/keyauth.c; sourceTree = "<group>"; };
		3040B7CB1E4A9188009A37A0 /* keyauth.h */ = {isa = PBXFileReference; fileEncoding = 4; lastKnownFileType = sourcecode.c.h; name = keyauth.h; path = Scanner/pico/keyauth.h; sourceTree = "<group>"; };
		3040B7CC1E4A9188009A37A0 /* keypair.c */ = {isa = PBXFileReference; fileEncoding = 4; lastKnownFileType = sourcecode.c.c; name = keypair.c; path = Scanner/pico/keypair.c; sourceTree = "<group>"; };
		3040B7CD1E4A9188009A37A0 /* keypair.h */ = {isa = PBXFileReference; fileEncoding = 4; lastKnownFileType = sourcecode.c.h; name = keypair.h; path = Scanner/pico/keypair.h; sourceTree = "<group>"; };
		3040B7CE1E4A9188009A37A0 /* keypairing.c */ = {isa = PBXFileReference; fileEncoding = 4; lastKnownFileType = sourcecode.c.c; name = keypairing.c; path = Scanner/pico/keypairing.c; sourceTree = "<group>"; };
		3040B7CF1E4A9188009A37A0 /* keypairing.h */ = {isa = PBXFileReference; fileEncoding = 4; lastKnownFileType = sourcecode.c.h; name = keypairing.h; path = Scanner/pico/keypairing.h; sourceTree = "<group>"; };
		3040B7D01E4A9188009A37A0 /* log.c */ = {isa = PBXFileReference; fileEncoding = 4; lastKnownFileType = sourcecode.c.c; name = log.c; path = Scanner/pico/log.c; sourceTree = "<group>"; };
		3040B7D11E4A9188009A37A0 /* log.h */ = {isa = PBXFileReference; fileEncoding = 4; lastKnownFileType = sourcecode.c.h; name = log.h; path = Scanner/pico/log.h; sourceTree = "<group>"; };
		3040B7D21E4A9188009A37A0 /* Makefile.am */ = {isa = PBXFileReference; fileEncoding = 4; lastKnownFileType = text; name = Makefile.am; path = Scanner/pico/Makefile.am; sourceTree = "<group>"; };
		3040B7D31E4A9188009A37A0 /* messagepicoauth.c */ = {isa = PBXFileReference; fileEncoding = 4; lastKnownFileType = sourcecode.c.c; name = messagepicoauth.c; path = Scanner/pico/messagepicoauth.c; sourceTree = "<group>"; };
		3040B7D41E4A9188009A37A0 /* messagepicoauth.h */ = {isa = PBXFileReference; fileEncoding = 4; lastKnownFileType = sourcecode.c.h; name = messagepicoauth.h; path = Scanner/pico/messagepicoauth.h; sourceTree = "<group>"; };
		3040B7D51E4A9188009A37A0 /* messagepicoreauth.c */ = {isa = PBXFileReference; fileEncoding = 4; lastKnownFileType = sourcecode.c.c; name = messagepicoreauth.c; path = Scanner/pico/messagepicoreauth.c; sourceTree = "<group>"; };
		3040B7D61E4A9188009A37A0 /* messagepicoreauth.h */ = {isa = PBXFileReference; fileEncoding = 4; lastKnownFileType = sourcecode.c.h; name = messagepicoreauth.h; path = Scanner/pico/messagepicoreauth.h; sourceTree = "<group>"; };
		3040B7D71E4A9188009A37A0 /* messageserviceauth.c */ = {isa = PBXFileReference; fileEncoding = 4; lastKnownFileType = sourcecode.c.c; name = messageserviceauth.c; path = Scanner/pico/messageserviceauth.c; sourceTree = "<group>"; };
		3040B7D81E4A9188009A37A0 /* messageserviceauth.h */ = {isa = PBXFileReference; fileEncoding = 4; lastKnownFileType = sourcecode.c.h; name = messageserviceauth.h; path = Scanner/pico/messageserviceauth.h; sourceTree = "<group>"; };
		3040B7D91E4A9188009A37A0 /* messageservicereauth.c */ = {isa = PBXFileReference; fileEncoding = 4; lastKnownFileType = sourcecode.c.c; name = messageservicereauth.c; path = Scanner/pico/messageservicereauth.c; sourceTree = "<group>"; };
		3040B7DA1E4A9188009A37A0 /* messageservicereauth.h */ = {isa = PBXFileReference; fileEncoding = 4; lastKnownFileType = sourcecode.c.h; name = messageservicereauth.h; path = Scanner/pico/messageservicereauth.h; sourceTree = "<group>"; };
		3040B7DB1E4A9188009A37A0 /* messagestart.c */ = {isa = PBXFileReference; fileEncoding = 4; lastKnownFileType = sourcecode.c.c; name = messagestart.c; path = Scanner/pico/messagestart.c; sourceTree = "<group>"; };
		3040B7DC1E4A9188009A37A0 /* messagestart.h */ = {isa = PBXFileReference; fileEncoding = 4; lastKnownFileType = sourcecode.c.h; name = messagestart.h; path = Scanner/pico/messagestart.h; sourceTree = "<group>"; };
		3040B7DD1E4A9188009A37A0 /* messagestatus.c */ = {isa = PBXFileReference; fileEncoding = 4; lastKnownFileType = sourcecode.c.c; name = messagestatus.c; path = Scanner/pico/messagestatus.c; sourceTree = "<group>"; };
		3040B7DE1E4A9188009A37A0 /* messagestatus.h */ = {isa = PBXFileReference; fileEncoding = 4; lastKnownFileType = sourcecode.c.h; name = messagestatus.h; path = Scanner/pico/messagestatus.h; sourceTree = "<group>"; };
		3040B7DF1E4A9188009A37A0 /* nonce.c */ = {isa = PBXFileReference; fileEncoding = 4; lastKnownFileType = sourcecode.c.c; name = nonce.c; path = Scanner/pico/nonce.c; sourceTree = "<group>"; };
		3040B7E01E4A9188009A37A0 /* nonce.h */ = {isa = PBXFileReference; fileEncoding = 4; lastKnownFileType = sourcecode.c.h; name = nonce.h; path = Scanner/pico/nonce.h; sourceTree = "<group>"; };
		3040B7E11E4A9188009A37A0 /* pico.h */ = {isa = PBXFileReference; fileEncoding = 4; lastKnownFileType = sourcecode.c.h; name = pico.h; path = Scanner/pico/pico.h; sourceTree = "<group>"; };
		3040B7E51E4A9189009A37A0 /* rvpbuffer.c */ = {isa = PBXFileReference; fileEncoding = 4; lastKnownFileType = sourcecode.c.c; name = rvpbuffer.c; path = Scanner/pico/rvpbuffer.c; sourceTree = "<group>"; };
		3040B7E61E4A9189009A37A0 /* rvpbuffer.h */ = {isa = PBXFileReference; fileEncoding = 4; lastKnownFileType = sourcecode.c.h; name = rvpbuffer.h; path = Scanner/pico/rvpbuffer.h; sourceTree = "<group>"; };
		3040B7E71E4A9189009A37A0 /* sequencenumber.c */ = {isa = PBXFileReference; fileEncoding = 4; lastKnownFileType = sourcecode.c.c; name = sequencenumber.c; path = Scanner/pico/sequencenumber.c; sourceTree = "<group>"; };
		3040B7E81E4A9189009A37A0 /* sequencenumber.h */ = {isa = PBXFileReference; fileEncoding = 4; lastKnownFileType = sourcecode.c.h; name = sequencenumber.h; path = Scanner/pico/sequencenumber.h; sourceTree = "<group>"; };
		3040B7E91E4A9189009A37A0 /* shared.c */ = {isa = PBXFileReference; fileEncoding = 4; lastKnownFileType = sourcecode.c.c; name = shared.c; path = Scanner/pico/shared.c; sourceTree = "<group>"; };
		3040B7EA1E4A9189009A37A0 /* shared.h */ = {isa = PBXFileReference; fileEncoding = 4; lastKnownFileType = sourcecode.c.h; name = shared.h; path = Scanner/pico/shared.h; sourceTree = "<group>"; };
		3040B7EB1E4A9189009A37A0 /* sigmakeyderiv.c */ = {isa = PBXFileReference; fileEncoding = 4; lastKnownFileType = sourcecode.c.c; name = sigmakeyderiv.c; path = Scanner/pico/sigmakeyderiv.c; sourceTree = "<group>"; };
		3040B7EC1E4A9189009A37A0 /* sigmakeyderiv.h */ = {isa = PBXFileReference; fileEncoding = 4; lastKnownFileType = sourcecode.c.h; name = sigmakeyderiv.h; path = Scanner/pico/sigmakeyderiv.h; sourceTree = "<group>"; };
		3040B7ED1E4A9189009A37A0 /* sigmaverifier.c */ = {isa = PBXFileReference; fileEncoding = 4; lastKnownFileType = sourcecode.c.c; name = sigmaverifier.c; path = Scanner/pico/sigmaverifier.c; sourceTree = "<group>"; };
		3040B7EF1E4A9189009A37A0 /* users.c */ = {isa = PBXFileReference; fileEncoding = 4; lastKnownFileType = sourcecode.c.c; name = users.c; path = Scanner/pico/users.c; sourceTree = "<group>"; };
		3040B7F01E4A9189009A37A0 /* users.h */ = {isa = PBXFileReference; fileEncoding = 4; lastKnownFileType = sourcecode.c.h; name = users.h; path = Scanner/pico/users.h; sourceTree = "<group>"; };
		3040B81C1E4A995A009A37A0 /* curl.h */ = {isa = PBXFileReference; lastKnownFileType = sourcecode.c.h; name = curl.h; path = Scanner/curl/curl.h; sourceTree = "<group>"; };
		3040B81D1E4A995A009A37A0 /* curlbuild.h */ = {isa = PBXFileReference; lastKnownFileType = sourcecode.c.h; name = curlbuild.h; path = Scanner/curl/curlbuild.h; sourceTree = "<group>"; };
		3040B81E1E4A995A009A37A0 /* curlrules.h */ = {isa = PBXFileReference; lastKnownFileType = sourcecode.c.h; name = curlrules.h; path = Scanner/curl/curlrules.h; sourceTree = "<group>"; };
		3040B81F1E4A995A009A37A0 /* curlver.h */ = {isa = PBXFileReference; lastKnownFileType = sourcecode.c.h; name = curlver.h; path = Scanner/curl/curlver.h; sourceTree = "<group>"; };
		3040B8201E4A995A009A37A0 /* easy.h */ = {isa = PBXFileReference; lastKnownFileType = sourcecode.c.h; name = easy.h; path = Scanner/curl/easy.h; sourceTree = "<group>"; };
		3040B8211E4A9964009A37A0 /* mprintf.h */ = {isa = PBXFileReference; lastKnownFileType = sourcecode.c.h; name = mprintf.h; path = Scanner/curl/mprintf.h; sourceTree = "<group>"; };
		3040B8221E4A9964009A37A0 /* multi.h */ = {isa = PBXFileReference; lastKnownFileType = sourcecode.c.h; name = multi.h; path = Scanner/curl/multi.h; sourceTree = "<group>"; };
		3040B8231E4A9964009A37A0 /* stdcheaders.h */ = {isa = PBXFileReference; lastKnownFileType = sourcecode.c.h; name = stdcheaders.h; path = Scanner/curl/stdcheaders.h; sourceTree = "<group>"; };
		3040B8241E4A9964009A37A0 /* typecheck-gcc.h */ = {isa = PBXFileReference; lastKnownFileType = sourcecode.c.h; name = "typecheck-gcc.h"; path = "Scanner/curl/typecheck-gcc.h"; sourceTree = "<group>"; };
		3040B8251E4AA0DC009A37A0 /* libcurl.a */ = {isa = PBXFileReference; lastKnownFileType = archive.ar; name = libcurl.a; path = Scanner/curl/libcurl.a; sourceTree = "<group>"; };
		3040B8271E4AA126009A37A0 /* Security.framework */ = {isa = PBXFileReference; lastKnownFileType = wrapper.framework; name = Security.framework; path = System/Library/Frameworks/Security.framework; sourceTree = SDKROOT; };
		3040B8291E4AA146009A37A0 /* libz.1.dylib */ = {isa = PBXFileReference; lastKnownFileType = "compiled.mach-o.dylib"; name = libz.1.dylib; path = ../../../../usr/lib/libz.1.dylib; sourceTree = "<group>"; };
		3042924C1E493B0700E3DE78 /* libguava.a */ = {isa = PBXFileReference; lastKnownFileType = archive.ar; name = libguava.a; path = "../../Downloads/j2objc-master-2/guava/build_result/objs-iphone64/libguava.a"; sourceTree = "<group>"; };
		306810841E2AFB5500815743 /* libsqlite3.tbd */ = {isa = PBXFileReference; lastKnownFileType = "sourcecode.text-based-dylib-definition"; name = libsqlite3.tbd; path = usr/lib/libsqlite3.tbd; sourceTree = SDKROOT; };
		306810901E2E4DEE00815743 /* Scanner-Bridging-Header.h */ = {isa = PBXFileReference; lastKnownFileType = sourcecode.c.h; path = "Scanner-Bridging-Header.h"; sourceTree = "<group>"; };
		306810911E2E4DEF00815743 /* FMDB.h */ = {isa = PBXFileReference; fileEncoding = 4; lastKnownFileType = sourcecode.c.h; name = FMDB.h; path = "../../../Downloads/fmdb-master/src/fmdb/FMDB.h"; sourceTree = "<group>"; };
		306810921E2E4DEF00815743 /* FMDatabase.h */ = {isa = PBXFileReference; fileEncoding = 4; lastKnownFileType = sourcecode.c.h; name = FMDatabase.h; path = "../../../Downloads/fmdb-master/src/fmdb/FMDatabase.h"; sourceTree = "<group>"; };
		306810931E2E4DEF00815743 /* FMDatabase.m */ = {isa = PBXFileReference; fileEncoding = 4; lastKnownFileType = sourcecode.c.objc; name = FMDatabase.m; path = "../../../Downloads/fmdb-master/src/fmdb/FMDatabase.m"; sourceTree = "<group>"; };
		306810941E2E4DEF00815743 /* FMResultSet.h */ = {isa = PBXFileReference; fileEncoding = 4; lastKnownFileType = sourcecode.c.h; name = FMResultSet.h; path = "../../../Downloads/fmdb-master/src/fmdb/FMResultSet.h"; sourceTree = "<group>"; };
		306810951E2E4DEF00815743 /* FMResultSet.m */ = {isa = PBXFileReference; fileEncoding = 4; lastKnownFileType = sourcecode.c.objc; name = FMResultSet.m; path = "../../../Downloads/fmdb-master/src/fmdb/FMResultSet.m"; sourceTree = "<group>"; };
		306810961E2E4DEF00815743 /* FMDatabaseQueue.h */ = {isa = PBXFileReference; fileEncoding = 4; lastKnownFileType = sourcecode.c.h; name = FMDatabaseQueue.h; path = "../../../Downloads/fmdb-master/src/fmdb/FMDatabaseQueue.h"; sourceTree = "<group>"; };
		306810971E2E4DEF00815743 /* FMDatabaseQueue.m */ = {isa = PBXFileReference; fileEncoding = 4; lastKnownFileType = sourcecode.c.objc; name = FMDatabaseQueue.m; path = "../../../Downloads/fmdb-master/src/fmdb/FMDatabaseQueue.m"; sourceTree = "<group>"; };
		306810981E2E4DEF00815743 /* FMDatabaseAdditions.h */ = {isa = PBXFileReference; fileEncoding = 4; lastKnownFileType = sourcecode.c.h; name = FMDatabaseAdditions.h; path = "../../../Downloads/fmdb-master/src/fmdb/FMDatabaseAdditions.h"; sourceTree = "<group>"; };
		306810991E2E4DEF00815743 /* FMDatabaseAdditions.m */ = {isa = PBXFileReference; fileEncoding = 4; lastKnownFileType = sourcecode.c.objc; name = FMDatabaseAdditions.m; path = "../../../Downloads/fmdb-master/src/fmdb/FMDatabaseAdditions.m"; sourceTree = "<group>"; };
		3068109A1E2E4DEF00815743 /* FMDatabasePool.h */ = {isa = PBXFileReference; fileEncoding = 4; lastKnownFileType = sourcecode.c.h; name = FMDatabasePool.h; path = "../../../Downloads/fmdb-master/src/fmdb/FMDatabasePool.h"; sourceTree = "<group>"; };
		3068109B1E2E4DEF00815743 /* FMDatabasePool.m */ = {isa = PBXFileReference; fileEncoding = 4; lastKnownFileType = sourcecode.c.objc; name = FMDatabasePool.m; path = "../../../Downloads/fmdb-master/src/fmdb/FMDatabasePool.m"; sourceTree = "<group>"; };
		3068109C1E2E4DEF00815743 /* Info.plist */ = {isa = PBXFileReference; fileEncoding = 4; lastKnownFileType = text.plist.xml; name = Info.plist; path = "../../../Downloads/fmdb-master/src/fmdb/Info.plist"; sourceTree = "<group>"; };
		306810A31E2E504300815743 /* DatabaseManager.swift */ = {isa = PBXFileReference; fileEncoding = 4; lastKnownFileType = sourcecode.swift; path = DatabaseManager.swift; sourceTree = "<group>"; };
		3072BE0A1DE236880083899C /* VisualCode.swift */ = {isa = PBXFileReference; fileEncoding = 4; lastKnownFileType = sourcecode.swift; name = VisualCode.swift; path = ../VisualCode.swift; sourceTree = "<group>"; };
		3072BE0D1DE237820083899C /* SignedVisualCode.swift */ = {isa = PBXFileReference; fileEncoding = 4; lastKnownFileType = sourcecode.swift; path = SignedVisualCode.swift; sourceTree = "<group>"; };
		3084C0E51E67A70300EF9A27 /* CodeHandler.swift */ = {isa = PBXFileReference; fileEncoding = 4; lastKnownFileType = sourcecode.swift; path = CodeHandler.swift; sourceTree = "<group>"; };
		3098BEA41DE1DE64009C62D4 /* Scanner.app */ = {isa = PBXFileReference; explicitFileType = wrapper.application; includeInIndex = 0; path = Scanner.app; sourceTree = BUILT_PRODUCTS_DIR; };
		3098BEA71DE1DE64009C62D4 /* AppDelegate.swift */ = {isa = PBXFileReference; lastKnownFileType = sourcecode.swift; path = AppDelegate.swift; sourceTree = "<group>"; };
		3098BEA91DE1DE64009C62D4 /* ViewController.swift */ = {isa = PBXFileReference; lastKnownFileType = sourcecode.swift; path = ViewController.swift; sourceTree = "<group>"; };
		3098BEAC1DE1DE64009C62D4 /* Base */ = {isa = PBXFileReference; lastKnownFileType = file.storyboard; name = Base; path = Base.lproj/Main.storyboard; sourceTree = "<group>"; };
		3098BEAE1DE1DE64009C62D4 /* Assets.xcassets */ = {isa = PBXFileReference; lastKnownFileType = folder.assetcatalog; path = Assets.xcassets; sourceTree = "<group>"; };
		3098BEB11DE1DE64009C62D4 /* Base */ = {isa = PBXFileReference; lastKnownFileType = file.storyboard; name = Base; path = Base.lproj/LaunchScreen.storyboard; sourceTree = "<group>"; };
		3098BEB31DE1DE64009C62D4 /* Info.plist */ = {isa = PBXFileReference; lastKnownFileType = text.plist.xml; path = Info.plist; sourceTree = "<group>"; };
		3098BEB81DE1DE65009C62D4 /* ScannerTests.xctest */ = {isa = PBXFileReference; explicitFileType = wrapper.cfbundle; includeInIndex = 0; path = ScannerTests.xctest; sourceTree = BUILT_PRODUCTS_DIR; };
		3098BEBC1DE1DE65009C62D4 /* ScannerTests.swift */ = {isa = PBXFileReference; lastKnownFileType = sourcecode.swift; path = ScannerTests.swift; sourceTree = "<group>"; };
		3098BEBE1DE1DE65009C62D4 /* Info.plist */ = {isa = PBXFileReference; lastKnownFileType = text.plist.xml; path = Info.plist; sourceTree = "<group>"; };
		3098BEC31DE1DE65009C62D4 /* ScannerUITests.xctest */ = {isa = PBXFileReference; explicitFileType = wrapper.cfbundle; includeInIndex = 0; path = ScannerUITests.xctest; sourceTree = BUILT_PRODUCTS_DIR; };
		3098BEC71DE1DE65009C62D4 /* ScannerUITests.swift */ = {isa = PBXFileReference; lastKnownFileType = sourcecode.swift; path = ScannerUITests.swift; sourceTree = "<group>"; };
		3098BEC91DE1DE65009C62D4 /* Info.plist */ = {isa = PBXFileReference; lastKnownFileType = text.plist.xml; path = Info.plist; sourceTree = "<group>"; };
		30A48B5F1E4FC92C0097E840 /* libz.1.tbd */ = {isa = PBXFileReference; lastKnownFileType = "sourcecode.text-based-dylib-definition"; name = libz.1.tbd; path = usr/lib/libz.1.tbd; sourceTree = SDKROOT; };
		30A48B691E53779A0097E840 /* sigmaverifier.h */ = {isa = PBXFileReference; lastKnownFileType = sourcecode.c.h; name = sigmaverifier.h; path = Scanner/pico/sigmaverifier.h; sourceTree = "<group>"; };
		30A48B6A1E5377A00097E840 /* sigmaprover.h */ = {isa = PBXFileReference; lastKnownFileType = sourcecode.c.h; name = sigmaprover.h; path = Scanner/pico/sigmaprover.h; sourceTree = "<group>"; };
		30A48B6D1E55D0210097E840 /* LocalAuthentication.framework */ = {isa = PBXFileReference; lastKnownFileType = wrapper.framework; name = LocalAuthentication.framework; path = System/Library/Frameworks/LocalAuthentication.framework; sourceTree = SDKROOT; };
		30CBAB1D1E848A9900B7EB45 /* MG Basic Math.swift */ = {isa = PBXFileReference; fileEncoding = 4; lastKnownFileType = sourcecode.swift; name = "MG Basic Math.swift"; path = "../../../Downloads/Swift-Big-Integer-master/Sources/MG Basic Math.swift"; sourceTree = "<group>"; };
		30CBAB1E1E848A9900B7EB45 /* MG Benchmark Tools.swift */ = {isa = PBXFileReference; fileEncoding = 4; lastKnownFileType = sourcecode.swift; name = "MG Benchmark Tools.swift"; path = "../../../Downloads/Swift-Big-Integer-master/Sources/MG Benchmark Tools.swift"; sourceTree = "<group>"; };
		30CBAB1F1E848A9900B7EB45 /* SMP Bignum Extensions.swift */ = {isa = PBXFileReference; fileEncoding = 4; lastKnownFileType = sourcecode.swift; name = "SMP Bignum Extensions.swift"; path = "../../../Downloads/Swift-Big-Integer-master/Sources/SMP Bignum Extensions.swift"; sourceTree = "<group>"; };
		30CBAB201E848A9900B7EB45 /* SMP Core.swift */ = {isa = PBXFileReference; fileEncoding = 4; lastKnownFileType = sourcecode.swift; name = "SMP Core.swift"; path = "../../../Downloads/Swift-Big-Integer-master/Sources/SMP Core.swift"; sourceTree = "<group>"; };
		30CBAB211E848A9900B7EB45 /* SMP String Module.swift */ = {isa = PBXFileReference; fileEncoding = 4; lastKnownFileType = sourcecode.swift; name = "SMP String Module.swift"; path = "../../../Downloads/Swift-Big-Integer-master/Sources/SMP String Module.swift"; sourceTree = "<group>"; };
/* End PBXFileReference section */

/* Begin PBXFrameworksBuildPhase section */
		3098BEA11DE1DE64009C62D4 /* Frameworks */ = {
			isa = PBXFrameworksBuildPhase;
			buildActionMask = 2147483647;
			files = (
				3084C0D81E67A61700EF9A27 /* LocalAuthentication.framework in Frameworks */,
				30A48B681E4FD23C0097E840 /* libz.1.dylib in Frameworks */,
				30A48B661E4FD1DD0097E840 /* libcurl.a in Frameworks */,
				30A48B5E1E4FC90D0097E840 /* Security.framework in Frameworks */,
				3040B7131E4A7DDD009A37A0 /* libssl.a in Frameworks */,
				3040B7111E4A7DD1009A37A0 /* libcrypto.a in Frameworks */,
				306810851E2AFB5500815743 /* libsqlite3.tbd in Frameworks */,
			);
			runOnlyForDeploymentPostprocessing = 0;
		};
		3098BEB51DE1DE65009C62D4 /* Frameworks */ = {
			isa = PBXFrameworksBuildPhase;
			buildActionMask = 2147483647;
			files = (
			);
			runOnlyForDeploymentPostprocessing = 0;
		};
		3098BEC01DE1DE65009C62D4 /* Frameworks */ = {
			isa = PBXFrameworksBuildPhase;
			buildActionMask = 2147483647;
			files = (
			);
			runOnlyForDeploymentPostprocessing = 0;
		};
/* End PBXFrameworksBuildPhase section */

/* Begin PBXGroup section */
		3007FF531E4D30D900777BBA /* Products */ = {
			isa = PBXGroup;
			children = (
				3007FF5B1E4D30DA00777BBA /* libjre_emul.a */,
				3007FF5D1E4D30DA00777BBA /* JREJUnitTests.app */,
				3007FF5F1E4D30DA00777BBA /* jre_emul_xctests.xctest */,
			);
			name = Products;
			sourceTree = "<group>";
		};
		3023505D1E4760BF00CC9ED8 /* GMECC */ = {
			isa = PBXGroup;
			children = (
				302350501E4760A900CC9ED8 /* GMEllipticCurveCrypto.h */,
				302350511E4760A900CC9ED8 /* GMEllipticCurveCrypto.m */,
				302350521E4760A900CC9ED8 /* GMEllipticCurveCrypto+hash.h */,
				302350531E4760A900CC9ED8 /* GMEllipticCurveCrypto+hash.m */,
			);
			name = GMECC;
			sourceTree = "<group>";
		};
		3023506A1E47694000CC9ED8 /* Crypto */ = {
			isa = PBXGroup;
			children = (
				3023505F1E4763D100CC9ED8 /* SigmaProver.swift */,
				302350681E47693A00CC9ED8 /* KeyPair.swift */,
			);
			name = Crypto;
			sourceTree = "<group>";
		};
		3040B7141E4A7ECB009A37A0 /* openssl */ = {
			isa = PBXGroup;
			children = (
				3040B7151E4A7ECB009A37A0 /* aes.h */,
				3040B7161E4A7ECB009A37A0 /* asn1.h */,
				3040B7171E4A7ECB009A37A0 /* asn1_mac.h */,
				3040B7181E4A7ECB009A37A0 /* asn1t.h */,
				3040B7191E4A7ECB009A37A0 /* bio.h */,
				3040B71A1E4A7ECB009A37A0 /* blowfish.h */,
				3040B71B1E4A7ECB009A37A0 /* bn.h */,
				3040B71C1E4A7ECB009A37A0 /* buffer.h */,
				3040B71D1E4A7ECB009A37A0 /* camellia.h */,
				3040B71E1E4A7ECB009A37A0 /* cast.h */,
				3040B71F1E4A7ECB009A37A0 /* cmac.h */,
				3040B7201E4A7ECB009A37A0 /* cms.h */,
				3040B7211E4A7ECB009A37A0 /* comp.h */,
				3040B7221E4A7ECB009A37A0 /* conf.h */,
				3040B7231E4A7ECB009A37A0 /* conf_api.h */,
				3040B7241E4A7ECB009A37A0 /* crypto.h */,
				3040B7251E4A7ECB009A37A0 /* des.h */,
				3040B7261E4A7ECB009A37A0 /* des_old.h */,
				3040B7271E4A7ECB009A37A0 /* dh.h */,
				3040B7281E4A7ECB009A37A0 /* dsa.h */,
				3040B7291E4A7ECB009A37A0 /* dso.h */,
				3040B72A1E4A7ECB009A37A0 /* dtls1.h */,
				3040B72B1E4A7ECB009A37A0 /* e_os2.h */,
				3040B72C1E4A7ECB009A37A0 /* ebcdic.h */,
				3040B72D1E4A7ECB009A37A0 /* ec.h */,
				3040B72E1E4A7ECB009A37A0 /* ecdh.h */,
				3040B72F1E4A7ECB009A37A0 /* ecdsa.h */,
				3040B7301E4A7ECB009A37A0 /* engine.h */,
				3040B7311E4A7ECB009A37A0 /* err.h */,
				3040B7321E4A7ECB009A37A0 /* evp.h */,
				3040B7331E4A7ECB009A37A0 /* hmac.h */,
				3040B7341E4A7ECB009A37A0 /* idea.h */,
				3040B7351E4A7ECB009A37A0 /* krb5_asn.h */,
				3040B7361E4A7ECB009A37A0 /* kssl.h */,
				3040B7371E4A7ECB009A37A0 /* lhash.h */,
				3040B7381E4A7ECB009A37A0 /* md4.h */,
				3040B7391E4A7ECB009A37A0 /* md5.h */,
				3040B73A1E4A7ECB009A37A0 /* mdc2.h */,
				3040B73B1E4A7ECB009A37A0 /* modes.h */,
				3040B73C1E4A7ECB009A37A0 /* obj_mac.h */,
				3040B73D1E4A7ECB009A37A0 /* objects.h */,
				3040B73E1E4A7ECB009A37A0 /* ocsp.h */,
				3040B73F1E4A7ECB009A37A0 /* opensslconf.h */,
				3040B7401E4A7ECB009A37A0 /* opensslv.h */,
				3040B7411E4A7ECB009A37A0 /* ossl_typ.h */,
				3040B7421E4A7ECB009A37A0 /* pem.h */,
				3040B7431E4A7ECB009A37A0 /* pem2.h */,
				3040B7441E4A7ECB009A37A0 /* pkcs12.h */,
				3040B7451E4A7ECB009A37A0 /* pkcs7.h */,
				3040B7461E4A7ECB009A37A0 /* pqueue.h */,
				3040B7471E4A7ECB009A37A0 /* rand.h */,
				3040B7481E4A7ECB009A37A0 /* rc2.h */,
				3040B7491E4A7ECB009A37A0 /* rc4.h */,
				3040B74A1E4A7ECB009A37A0 /* ripemd.h */,
				3040B74B1E4A7ECB009A37A0 /* rsa.h */,
				3040B74C1E4A7ECB009A37A0 /* safestack.h */,
				3040B74D1E4A7ECB009A37A0 /* seed.h */,
				3040B74E1E4A7ECB009A37A0 /* sha.h */,
				3040B74F1E4A7ECB009A37A0 /* srp.h */,
				3040B7501E4A7ECB009A37A0 /* srtp.h */,
				3040B7511E4A7ECB009A37A0 /* ssl.h */,
				3040B7521E4A7ECB009A37A0 /* ssl2.h */,
				3040B7531E4A7ECB009A37A0 /* ssl23.h */,
				3040B7541E4A7ECB009A37A0 /* ssl3.h */,
				3040B7551E4A7ECB009A37A0 /* stack.h */,
				3040B7561E4A7ECB009A37A0 /* symhacks.h */,
				3040B7571E4A7ECB009A37A0 /* tls1.h */,
				3040B7581E4A7ECB009A37A0 /* ts.h */,
				3040B7591E4A7ECB009A37A0 /* txt_db.h */,
				3040B75A1E4A7ECB009A37A0 /* ui.h */,
				3040B75B1E4A7ECB009A37A0 /* ui_compat.h */,
				3040B75C1E4A7ECB009A37A0 /* whrlpool.h */,
				3040B75D1E4A7ECB009A37A0 /* x509.h */,
				3040B75E1E4A7ECB009A37A0 /* x509_vfy.h */,
				3040B75F1E4A7ECB009A37A0 /* x509v3.h */,
			);
			name = openssl;
			path = OpenSSL/include/openssl;
			sourceTree = SOURCE_ROOT;
		};
		3040B7AE1E4A917D009A37A0 /* libpico */ = {
			isa = PBXGroup;
			children = (
				3040B7AF1E4A9188009A37A0 /* auth.c */,
				3040B7B01E4A9188009A37A0 /* auth.h */,
				3040B7B11E4A9188009A37A0 /* base64.c */,
				3040B7B21E4A9188009A37A0 /* base64.h */,
				3040B7B31E4A9188009A37A0 /* buffer.c */,
				3040B7B41E4A9188009A37A0 /* buffer.h */,
				3040B7B51E4A9188009A37A0 /* cdecode.c */,
				3040B7B61E4A9188009A37A0 /* cdecode.h */,
				3040B7B71E4A9188009A37A0 /* cencode.c */,
				3040B7B81E4A9188009A37A0 /* cencode.h */,
				3040B7B91E4A9188009A37A0 /* channel.c */,
				3040B7BA1E4A9188009A37A0 /* channel.h */,
				3040B7BB1E4A9188009A37A0 /* continuous.c */,
				3040B7BC1E4A9188009A37A0 /* continuous.h */,
				3040B7BD1E4A9188009A37A0 /* cryptosupport.c */,
				3040B7BE1E4A9188009A37A0 /* cryptosupport.h */,
				3040B7BF1E4A9188009A37A0 /* curlsupport.c */,
				3040B7C01E4A9188009A37A0 /* curlsupport.h */,
				3040B7C11E4A9188009A37A0 /* debug.c */,
				3040B7C21E4A9188009A37A0 /* debug.h */,
				3040B7C51E4A9188009A37A0 /* dllpublic.h */,
				3040B7C61E4A9188009A37A0 /* json.c */,
				3040B7C71E4A9188009A37A0 /* json.h */,
				3040B7C81E4A9188009A37A0 /* keyagreement.c */,
				3040B7C91E4A9188009A37A0 /* keyagreement.h */,
				3040B7CA1E4A9188009A37A0 /* keyauth.c */,
				3040B7CB1E4A9188009A37A0 /* keyauth.h */,
				3040B7CC1E4A9188009A37A0 /* keypair.c */,
				3040B7CD1E4A9188009A37A0 /* keypair.h */,
				3040B7CE1E4A9188009A37A0 /* keypairing.c */,
				3040B7CF1E4A9188009A37A0 /* keypairing.h */,
				3040B7D01E4A9188009A37A0 /* log.c */,
				3040B7D11E4A9188009A37A0 /* log.h */,
				3040B7D21E4A9188009A37A0 /* Makefile.am */,
				3040B7D31E4A9188009A37A0 /* messagepicoauth.c */,
				3040B7D41E4A9188009A37A0 /* messagepicoauth.h */,
				3040B7D51E4A9188009A37A0 /* messagepicoreauth.c */,
				3040B7D61E4A9188009A37A0 /* messagepicoreauth.h */,
				3040B7D71E4A9188009A37A0 /* messageserviceauth.c */,
				3040B7D81E4A9188009A37A0 /* messageserviceauth.h */,
				3040B7D91E4A9188009A37A0 /* messageservicereauth.c */,
				3040B7DA1E4A9188009A37A0 /* messageservicereauth.h */,
				3040B7DB1E4A9188009A37A0 /* messagestart.c */,
				3040B7DC1E4A9188009A37A0 /* messagestart.h */,
				3040B7DD1E4A9188009A37A0 /* messagestatus.c */,
				3040B7DE1E4A9188009A37A0 /* messagestatus.h */,
				3040B7DF1E4A9188009A37A0 /* nonce.c */,
				3040B7E01E4A9188009A37A0 /* nonce.h */,
				3040B7E11E4A9188009A37A0 /* pico.h */,
				3040B7E51E4A9189009A37A0 /* rvpbuffer.c */,
				3040B7E61E4A9189009A37A0 /* rvpbuffer.h */,
				3040B7E71E4A9189009A37A0 /* sequencenumber.c */,
				3040B7E81E4A9189009A37A0 /* sequencenumber.h */,
				3040B7E91E4A9189009A37A0 /* shared.c */,
				3040B7EA1E4A9189009A37A0 /* shared.h */,
				3040B7EB1E4A9189009A37A0 /* sigmakeyderiv.c */,
				3040B7EC1E4A9189009A37A0 /* sigmakeyderiv.h */,
				3007FF631E4FA37F00777BBA /* sigmaprover.c */,
				30A48B6A1E5377A00097E840 /* sigmaprover.h */,
				3040B7ED1E4A9189009A37A0 /* sigmaverifier.c */,
				30A48B691E53779A0097E840 /* sigmaverifier.h */,
				3040B7EF1E4A9189009A37A0 /* users.c */,
				3040B7F01E4A9189009A37A0 /* users.h */,
				3040B7AC1E4A9178009A37A0 /* pico.swift */,
			);
			name = libpico;
			sourceTree = "<group>";
		};
		3040B8191E4A98F9009A37A0 /* Curl */ = {
			isa = PBXGroup;
			children = (
				3040B81C1E4A995A009A37A0 /* curl.h */,
				3040B81D1E4A995A009A37A0 /* curlbuild.h */,
				3040B81E1E4A995A009A37A0 /* curlrules.h */,
				3040B81F1E4A995A009A37A0 /* curlver.h */,
				3040B8211E4A9964009A37A0 /* mprintf.h */,
				3040B8221E4A9964009A37A0 /* multi.h */,
				3040B8231E4A9964009A37A0 /* stdcheaders.h */,
				3040B8241E4A9964009A37A0 /* typecheck-gcc.h */,
				3040B8201E4A995A009A37A0 /* easy.h */,
			);
			name = Curl;
			sourceTree = "<group>";
		};
		3042925A1E4A66EA00E3DE78 /* OpenSSL */ = {
			isa = PBXGroup;
			children = (
			);
			name = OpenSSL;
			sourceTree = "<group>";
		};
		306810831E2AFB5400815743 /* Frameworks */ = {
			isa = PBXGroup;
			children = (
				30A48B6D1E55D0210097E840 /* LocalAuthentication.framework */,
				30A48B5F1E4FC92C0097E840 /* libz.1.tbd */,
				3007FF651E4FC63D00777BBA /* libz.tbd */,
				3040B8291E4AA146009A37A0 /* libz.1.dylib */,
				3040B8271E4AA126009A37A0 /* Security.framework */,
				3040B8251E4AA0DC009A37A0 /* libcurl.a */,
				3040B7121E4A7DDD009A37A0 /* libssl.a */,
				3040B7101E4A7DD1009A37A0 /* libcrypto.a */,
				3042924C1E493B0700E3DE78 /* libguava.a */,
				3023508F1E48028A00CC9ED8 /* libjre_emul.a */,
				3023508D1E48023200CC9ED8 /* libjre_io.a */,
				3023508B1E48022600CC9ED8 /* libjre_security.a */,
				302350891E48021000CC9ED8 /* libjre_channels.a */,
				302350871E4801FF00CC9ED8 /* libjre_net.a */,
				306810841E2AFB5500815743 /* libsqlite3.tbd */,
			);
			name = Frameworks;
			sourceTree = "<group>";
		};
		3068108F1E2E4DCF00815743 /* Database */ = {
			isa = PBXGroup;
			children = (
				306810A31E2E504300815743 /* DatabaseManager.swift */,
				306810911E2E4DEF00815743 /* FMDB.h */,
				306810921E2E4DEF00815743 /* FMDatabase.h */,
				306810931E2E4DEF00815743 /* FMDatabase.m */,
				306810941E2E4DEF00815743 /* FMResultSet.h */,
				306810951E2E4DEF00815743 /* FMResultSet.m */,
				306810961E2E4DEF00815743 /* FMDatabaseQueue.h */,
				306810971E2E4DEF00815743 /* FMDatabaseQueue.m */,
				306810981E2E4DEF00815743 /* FMDatabaseAdditions.h */,
				306810991E2E4DEF00815743 /* FMDatabaseAdditions.m */,
				3068109A1E2E4DEF00815743 /* FMDatabasePool.h */,
				3068109B1E2E4DEF00815743 /* FMDatabasePool.m */,
				3068109C1E2E4DEF00815743 /* Info.plist */,
			);
			name = Database;
			sourceTree = "<group>";
		};
		3072BE0C1DE236930083899C /* VisualCode */ = {
			isa = PBXGroup;
			children = (
				3072BE0A1DE236880083899C /* VisualCode.swift */,
				3072BE0D1DE237820083899C /* SignedVisualCode.swift */,
			);
			name = VisualCode;
			sourceTree = "<group>";
		};
		3098BE9B1DE1DE64009C62D4 = {
			isa = PBXGroup;
			children = (
				3007FF521E4D30D900777BBA /* JreEmulation.xcodeproj */,
				3040B8191E4A98F9009A37A0 /* Curl */,
				3040B7AE1E4A917D009A37A0 /* libpico */,
				3098BEA61DE1DE64009C62D4 /* Scanner */,
				3098BEBB1DE1DE65009C62D4 /* ScannerTests */,
				3098BEC61DE1DE65009C62D4 /* ScannerUITests */,
				3098BEA51DE1DE64009C62D4 /* Products */,
				3023505D1E4760BF00CC9ED8 /* GMECC */,
				306810831E2AFB5400815743 /* Frameworks */,
				3042925A1E4A66EA00E3DE78 /* OpenSSL */,
			);
			sourceTree = "<group>";
		};
		3098BEA51DE1DE64009C62D4 /* Products */ = {
			isa = PBXGroup;
			children = (
				3098BEA41DE1DE64009C62D4 /* Scanner.app */,
				3098BEB81DE1DE65009C62D4 /* ScannerTests.xctest */,
				3098BEC31DE1DE65009C62D4 /* ScannerUITests.xctest */,
			);
			name = Products;
			sourceTree = "<group>";
		};
		3098BEA61DE1DE64009C62D4 /* Scanner */ = {
			isa = PBXGroup;
			children = (
				3009ECCA1E8484D300B3DA55 /* SwiftECC.swift */,
				30CBAB341E848AA700B7EB45 /* Bignum */,
				3040B7141E4A7ECB009A37A0 /* openssl */,
				306810901E2E4DEE00815743 /* Scanner-Bridging-Header.h */,
				3068108F1E2E4DCF00815743 /* Database */,
				3072BE0C1DE236930083899C /* VisualCode */,
				3098BEA71DE1DE64009C62D4 /* AppDelegate.swift */,
				3098BEA91DE1DE64009C62D4 /* ViewController.swift */,
				3010A7971DE1E72C00DD6536 /* SwiftyJSON.swift */,
				3098BEAB1DE1DE64009C62D4 /* Main.storyboard */,
				3040104C1E01AD57001D8FBD /* URLHandler.swift */,
				3098BEAE1DE1DE64009C62D4 /* Assets.xcassets */,
				3098BEB01DE1DE64009C62D4 /* LaunchScreen.storyboard */,
				3098BEB31DE1DE64009C62D4 /* Info.plist */,
				3023506A1E47694000CC9ED8 /* Crypto */,
				3084C0E51E67A70300EF9A27 /* CodeHandler.swift */,
			);
			path = Scanner;
			sourceTree = "<group>";
		};
		3098BEBB1DE1DE65009C62D4 /* ScannerTests */ = {
			isa = PBXGroup;
			children = (
				3098BEBC1DE1DE65009C62D4 /* ScannerTests.swift */,
				3098BEBE1DE1DE65009C62D4 /* Info.plist */,
			);
			path = ScannerTests;
			sourceTree = "<group>";
		};
		3098BEC61DE1DE65009C62D4 /* ScannerUITests */ = {
			isa = PBXGroup;
			children = (
				3098BEC71DE1DE65009C62D4 /* ScannerUITests.swift */,
				3098BEC91DE1DE65009C62D4 /* Info.plist */,
			);
			path = ScannerUITests;
			sourceTree = "<group>";
		};
		30CBAB341E848AA700B7EB45 /* Bignum */ = {
			isa = PBXGroup;
			children = (
				30CBAB1D1E848A9900B7EB45 /* MG Basic Math.swift */,
				30CBAB1E1E848A9900B7EB45 /* MG Benchmark Tools.swift */,
				30CBAB1F1E848A9900B7EB45 /* SMP Bignum Extensions.swift */,
				30CBAB201E848A9900B7EB45 /* SMP Core.swift */,
				30CBAB211E848A9900B7EB45 /* SMP String Module.swift */,
			);
			name = Bignum;
			sourceTree = "<group>";
		};
/* End PBXGroup section */

/* Begin PBXNativeTarget section */
		3098BEA31DE1DE64009C62D4 /* Scanner */ = {
			isa = PBXNativeTarget;
			buildConfigurationList = 3098BECC1DE1DE65009C62D4 /* Build configuration list for PBXNativeTarget "Scanner" */;
			buildPhases = (
				3098BEA01DE1DE64009C62D4 /* Sources */,
				3098BEA11DE1DE64009C62D4 /* Frameworks */,
				3098BEA21DE1DE64009C62D4 /* Resources */,
				3040106B1E01AE89001D8FBD /* Embed Frameworks */,
			);
			buildRules = (
				304292491E48D5B400E3DE78 /* PBXBuildRule */,
			);
			dependencies = (
			);
			name = Scanner;
			productName = Scanner;
			productReference = 3098BEA41DE1DE64009C62D4 /* Scanner.app */;
			productType = "com.apple.product-type.application";
		};
		3098BEB71DE1DE65009C62D4 /* ScannerTests */ = {
			isa = PBXNativeTarget;
			buildConfigurationList = 3098BECF1DE1DE65009C62D4 /* Build configuration list for PBXNativeTarget "ScannerTests" */;
			buildPhases = (
				3098BEB41DE1DE65009C62D4 /* Sources */,
				3098BEB51DE1DE65009C62D4 /* Frameworks */,
				3098BEB61DE1DE65009C62D4 /* Resources */,
			);
			buildRules = (
			);
			dependencies = (
				3098BEBA1DE1DE65009C62D4 /* PBXTargetDependency */,
			);
			name = ScannerTests;
			productName = ScannerTests;
			productReference = 3098BEB81DE1DE65009C62D4 /* ScannerTests.xctest */;
			productType = "com.apple.product-type.bundle.unit-test";
		};
		3098BEC21DE1DE65009C62D4 /* ScannerUITests */ = {
			isa = PBXNativeTarget;
			buildConfigurationList = 3098BED21DE1DE65009C62D4 /* Build configuration list for PBXNativeTarget "ScannerUITests" */;
			buildPhases = (
				3098BEBF1DE1DE65009C62D4 /* Sources */,
				3098BEC01DE1DE65009C62D4 /* Frameworks */,
				3098BEC11DE1DE65009C62D4 /* Resources */,
			);
			buildRules = (
			);
			dependencies = (
				3098BEC51DE1DE65009C62D4 /* PBXTargetDependency */,
			);
			name = ScannerUITests;
			productName = ScannerUITests;
			productReference = 3098BEC31DE1DE65009C62D4 /* ScannerUITests.xctest */;
			productType = "com.apple.product-type.bundle.ui-testing";
		};
/* End PBXNativeTarget section */

/* Begin PBXProject section */
		3098BE9C1DE1DE64009C62D4 /* Project object */ = {
			isa = PBXProject;
			attributes = {
				LastSwiftUpdateCheck = 0810;
				LastUpgradeCheck = 0810;
				ORGANIZATIONNAME = "Adam Roberts";
				TargetAttributes = {
					3098BEA31DE1DE64009C62D4 = {
						CreatedOnToolsVersion = 8.1;
						DevelopmentTeam = DFS96U9YDQ;
						LastSwiftMigration = 0810;
						ProvisioningStyle = Automatic;
					};
					3098BEB71DE1DE65009C62D4 = {
						CreatedOnToolsVersion = 8.1;
						ProvisioningStyle = Automatic;
						TestTargetID = 3098BEA31DE1DE64009C62D4;
					};
					3098BEC21DE1DE65009C62D4 = {
						CreatedOnToolsVersion = 8.1;
						ProvisioningStyle = Automatic;
						TestTargetID = 3098BEA31DE1DE64009C62D4;
					};
				};
			};
			buildConfigurationList = 3098BE9F1DE1DE64009C62D4 /* Build configuration list for PBXProject "Scanner" */;
			compatibilityVersion = "Xcode 8.0";
			developmentRegion = English;
			hasScannedForEncodings = 0;
			knownRegions = (
				en,
				Base,
			);
			mainGroup = 3098BE9B1DE1DE64009C62D4;
			productRefGroup = 3098BEA51DE1DE64009C62D4 /* Products */;
			projectDirPath = "";
			projectReferences = (
				{
					ProductGroup = 3007FF531E4D30D900777BBA /* Products */;
					ProjectRef = 3007FF521E4D30D900777BBA /* JreEmulation.xcodeproj */;
				},
			);
			projectRoot = "";
			targets = (
				3098BEA31DE1DE64009C62D4 /* Scanner */,
				3098BEB71DE1DE65009C62D4 /* ScannerTests */,
				3098BEC21DE1DE65009C62D4 /* ScannerUITests */,
			);
		};
/* End PBXProject section */

/* Begin PBXReferenceProxy section */
		3007FF5B1E4D30DA00777BBA /* libjre_emul.a */ = {
			isa = PBXReferenceProxy;
			fileType = archive.ar;
			path = libjre_emul.a;
			remoteRef = 3007FF5A1E4D30DA00777BBA /* PBXContainerItemProxy */;
			sourceTree = BUILT_PRODUCTS_DIR;
		};
		3007FF5D1E4D30DA00777BBA /* JREJUnitTests.app */ = {
			isa = PBXReferenceProxy;
			fileType = wrapper.application;
			path = JREJUnitTests.app;
			remoteRef = 3007FF5C1E4D30DA00777BBA /* PBXContainerItemProxy */;
			sourceTree = BUILT_PRODUCTS_DIR;
		};
		3007FF5F1E4D30DA00777BBA /* jre_emul_xctests.xctest */ = {
			isa = PBXReferenceProxy;
			fileType = wrapper.cfbundle;
			path = jre_emul_xctests.xctest;
			remoteRef = 3007FF5E1E4D30DA00777BBA /* PBXContainerItemProxy */;
			sourceTree = BUILT_PRODUCTS_DIR;
		};
/* End PBXReferenceProxy section */

/* Begin PBXResourcesBuildPhase section */
		3098BEA21DE1DE64009C62D4 /* Resources */ = {
			isa = PBXResourcesBuildPhase;
			buildActionMask = 2147483647;
			files = (
				306810A21E2E4DEF00815743 /* Info.plist in Resources */,
				3098BEB21DE1DE64009C62D4 /* LaunchScreen.storyboard in Resources */,
				302350731E47EFDD00CC9ED8 /* uk in Resources */,
				3040B8021E4A9189009A37A0 /* Makefile.am in Resources */,
				3098BEAF1DE1DE64009C62D4 /* Assets.xcassets in Resources */,
				3098BEAD1DE1DE64009C62D4 /* Main.storyboard in Resources */,
			);
			runOnlyForDeploymentPostprocessing = 0;
		};
		3098BEB61DE1DE65009C62D4 /* Resources */ = {
			isa = PBXResourcesBuildPhase;
			buildActionMask = 2147483647;
			files = (
			);
			runOnlyForDeploymentPostprocessing = 0;
		};
		3098BEC11DE1DE65009C62D4 /* Resources */ = {
			isa = PBXResourcesBuildPhase;
			buildActionMask = 2147483647;
			files = (
			);
			runOnlyForDeploymentPostprocessing = 0;
		};
/* End PBXResourcesBuildPhase section */

/* Begin PBXSourcesBuildPhase section */
		3098BEA01DE1DE64009C62D4 /* Sources */ = {
			isa = PBXSourcesBuildPhase;
			buildActionMask = 2147483647;
			files = (
				3040B7F11E4A9189009A37A0 /* auth.c in Sources */,
				302350551E4760A900CC9ED8 /* GMEllipticCurveCrypto+hash.m in Sources */,
				3040B80D1E4A9189009A37A0 /* sigmakeyderiv.c in Sources */,
				3040B80E1E4A9189009A37A0 /* sigmaverifier.c in Sources */,
				3040B7F71E4A9189009A37A0 /* continuous.c in Sources */,
				30CBAB241E848A9900B7EB45 /* SMP Bignum Extensions.swift in Sources */,
				302350601E4763D100CC9ED8 /* SigmaProver.swift in Sources */,
				3040B8071E4A9189009A37A0 /* messagestart.c in Sources */,
				3040B7AD1E4A9178009A37A0 /* pico.swift in Sources */,
				3072BE0E1DE237820083899C /* SignedVisualCode.swift in Sources */,
				3040B7F91E4A9189009A37A0 /* curlsupport.c in Sources */,
				3010A7981DE1E72C00DD6536 /* SwiftyJSON.swift in Sources */,
				3040B8091E4A9189009A37A0 /* nonce.c in Sources */,
				3040B80B1E4A9189009A37A0 /* sequencenumber.c in Sources */,
				3040B80A1E4A9189009A37A0 /* rvpbuffer.c in Sources */,
				3040104D1E01AD57001D8FBD /* URLHandler.swift in Sources */,
				3040B8081E4A9189009A37A0 /* messagestatus.c in Sources */,
				3040B7F21E4A9189009A37A0 /* base64.c in Sources */,
				3068109D1E2E4DEF00815743 /* FMDatabase.m in Sources */,
				3040B7FC1E4A9189009A37A0 /* json.c in Sources */,
				3040B7FE1E4A9189009A37A0 /* keyauth.c in Sources */,
				3040B8061E4A9189009A37A0 /* messageservicereauth.c in Sources */,
				3040B80C1E4A9189009A37A0 /* shared.c in Sources */,
				30CBAB221E848A9900B7EB45 /* MG Basic Math.swift in Sources */,
				3040B8031E4A9189009A37A0 /* messagepicoauth.c in Sources */,
				3040B8001E4A9189009A37A0 /* keypairing.c in Sources */,
				3084C0E61E67A70300EF9A27 /* CodeHandler.swift in Sources */,
				3098BEAA1DE1DE64009C62D4 /* ViewController.swift in Sources */,
				3040B7F61E4A9189009A37A0 /* channel.c in Sources */,
				30CBAB251E848A9900B7EB45 /* SMP Core.swift in Sources */,
				3040B7F31E4A9189009A37A0 /* buffer.c in Sources */,
				306810A11E2E4DEF00815743 /* FMDatabasePool.m in Sources */,
				3007FF641E4FA37F00777BBA /* sigmaprover.c in Sources */,
				302350541E4760A900CC9ED8 /* GMEllipticCurveCrypto.m in Sources */,
				30CBAB231E848A9900B7EB45 /* MG Benchmark Tools.swift in Sources */,
				30CBAB261E848A9900B7EB45 /* SMP String Module.swift in Sources */,
				3040B80F1E4A9189009A37A0 /* users.c in Sources */,
				3040B7FA1E4A9189009A37A0 /* debug.c in Sources */,
				3072BE0B1DE236880083899C /* VisualCode.swift in Sources */,
				3040B8011E4A9189009A37A0 /* log.c in Sources */,
				3040B7FD1E4A9189009A37A0 /* keyagreement.c in Sources */,
				3068109E1E2E4DEF00815743 /* FMResultSet.m in Sources */,
				306810A41E2E504300815743 /* DatabaseManager.swift in Sources */,
				3098BEA81DE1DE64009C62D4 /* AppDelegate.swift in Sources */,
				3040B7F51E4A9189009A37A0 /* cencode.c in Sources */,
				3040B7F81E4A9189009A37A0 /* cryptosupport.c in Sources */,
				302350691E47693A00CC9ED8 /* KeyPair.swift in Sources */,
				3068109F1E2E4DEF00815743 /* FMDatabaseQueue.m in Sources */,
				3040B8051E4A9189009A37A0 /* messageserviceauth.c in Sources */,
				3009ECCB1E8484D300B3DA55 /* SwiftECC.swift in Sources */,
				306810A01E2E4DEF00815743 /* FMDatabaseAdditions.m in Sources */,
				3040B7F41E4A9189009A37A0 /* cdecode.c in Sources */,
				3040B8041E4A9189009A37A0 /* messagepicoreauth.c in Sources */,
				3040B7FF1E4A9189009A37A0 /* keypair.c in Sources */,
			);
			runOnlyForDeploymentPostprocessing = 0;
		};
		3098BEB41DE1DE65009C62D4 /* Sources */ = {
			isa = PBXSourcesBuildPhase;
			buildActionMask = 2147483647;
			files = (
				3098BEBD1DE1DE65009C62D4 /* ScannerTests.swift in Sources */,
			);
			runOnlyForDeploymentPostprocessing = 0;
		};
		3098BEBF1DE1DE65009C62D4 /* Sources */ = {
			isa = PBXSourcesBuildPhase;
			buildActionMask = 2147483647;
			files = (
				3098BEC81DE1DE65009C62D4 /* ScannerUITests.swift in Sources */,
			);
			runOnlyForDeploymentPostprocessing = 0;
		};
/* End PBXSourcesBuildPhase section */

/* Begin PBXTargetDependency section */
		3098BEBA1DE1DE65009C62D4 /* PBXTargetDependency */ = {
			isa = PBXTargetDependency;
			target = 3098BEA31DE1DE64009C62D4 /* Scanner */;
			targetProxy = 3098BEB91DE1DE65009C62D4 /* PBXContainerItemProxy */;
		};
		3098BEC51DE1DE65009C62D4 /* PBXTargetDependency */ = {
			isa = PBXTargetDependency;
			target = 3098BEA31DE1DE64009C62D4 /* Scanner */;
			targetProxy = 3098BEC41DE1DE65009C62D4 /* PBXContainerItemProxy */;
		};
/* End PBXTargetDependency section */

/* Begin PBXVariantGroup section */
		3098BEAB1DE1DE64009C62D4 /* Main.storyboard */ = {
			isa = PBXVariantGroup;
			children = (
				3098BEAC1DE1DE64009C62D4 /* Base */,
			);
			name = Main.storyboard;
			sourceTree = "<group>";
		};
		3098BEB01DE1DE64009C62D4 /* LaunchScreen.storyboard */ = {
			isa = PBXVariantGroup;
			children = (
				3098BEB11DE1DE64009C62D4 /* Base */,
			);
			name = LaunchScreen.storyboard;
			sourceTree = "<group>";
		};
/* End PBXVariantGroup section */

/* Begin XCBuildConfiguration section */
		3098BECA1DE1DE65009C62D4 /* Debug */ = {
			isa = XCBuildConfiguration;
			buildSettings = {
				ALWAYS_SEARCH_USER_PATHS = NO;
				CLANG_ANALYZER_NONNULL = YES;
				CLANG_CXX_LANGUAGE_STANDARD = "gnu++0x";
				CLANG_CXX_LIBRARY = "libc++";
				CLANG_ENABLE_MODULES = YES;
				CLANG_ENABLE_OBJC_ARC = YES;
				CLANG_WARN_BOOL_CONVERSION = YES;
				CLANG_WARN_CONSTANT_CONVERSION = YES;
				CLANG_WARN_DIRECT_OBJC_ISA_USAGE = YES_ERROR;
				CLANG_WARN_DOCUMENTATION_COMMENTS = YES;
				CLANG_WARN_EMPTY_BODY = YES;
				CLANG_WARN_ENUM_CONVERSION = YES;
				CLANG_WARN_INFINITE_RECURSION = YES;
				CLANG_WARN_INT_CONVERSION = YES;
				CLANG_WARN_OBJC_ROOT_CLASS = YES_ERROR;
				CLANG_WARN_SUSPICIOUS_MOVES = YES;
				CLANG_WARN_UNREACHABLE_CODE = YES;
				CLANG_WARN__DUPLICATE_METHOD_MATCH = YES;
				"CODE_SIGN_IDENTITY[sdk=iphoneos*]" = "iPhone Developer";
				COPY_PHASE_STRIP = NO;
				DEBUG_INFORMATION_FORMAT = dwarf;
				ENABLE_STRICT_OBJC_MSGSEND = YES;
				ENABLE_TESTABILITY = YES;
				GCC_C_LANGUAGE_STANDARD = gnu99;
				GCC_DYNAMIC_NO_PIC = NO;
				GCC_NO_COMMON_BLOCKS = YES;
				GCC_OPTIMIZATION_LEVEL = 0;
				GCC_PREPROCESSOR_DEFINITIONS = (
					"DEBUG=1",
					"$(inherited)",
				);
				GCC_WARN_64_TO_32_BIT_CONVERSION = YES;
				GCC_WARN_ABOUT_RETURN_TYPE = YES_ERROR;
				GCC_WARN_UNDECLARED_SELECTOR = YES;
				GCC_WARN_UNINITIALIZED_AUTOS = YES_AGGRESSIVE;
				GCC_WARN_UNUSED_FUNCTION = YES;
				GCC_WARN_UNUSED_VARIABLE = YES;
				IPHONEOS_DEPLOYMENT_TARGET = 10.1;
				MTL_ENABLE_DEBUG_INFO = YES;
				ONLY_ACTIVE_ARCH = YES;
				SDKROOT = iphoneos;
				SWIFT_ACTIVE_COMPILATION_CONDITIONS = DEBUG;
				SWIFT_OPTIMIZATION_LEVEL = "-Onone";
			};
			name = Debug;
		};
		3098BECB1DE1DE65009C62D4 /* Release */ = {
			isa = XCBuildConfiguration;
			buildSettings = {
				ALWAYS_SEARCH_USER_PATHS = NO;
				CLANG_ANALYZER_NONNULL = YES;
				CLANG_CXX_LANGUAGE_STANDARD = "gnu++0x";
				CLANG_CXX_LIBRARY = "libc++";
				CLANG_ENABLE_MODULES = YES;
				CLANG_ENABLE_OBJC_ARC = YES;
				CLANG_WARN_BOOL_CONVERSION = YES;
				CLANG_WARN_CONSTANT_CONVERSION = YES;
				CLANG_WARN_DIRECT_OBJC_ISA_USAGE = YES_ERROR;
				CLANG_WARN_DOCUMENTATION_COMMENTS = YES;
				CLANG_WARN_EMPTY_BODY = YES;
				CLANG_WARN_ENUM_CONVERSION = YES;
				CLANG_WARN_INFINITE_RECURSION = YES;
				CLANG_WARN_INT_CONVERSION = YES;
				CLANG_WARN_OBJC_ROOT_CLASS = YES_ERROR;
				CLANG_WARN_SUSPICIOUS_MOVES = YES;
				CLANG_WARN_UNREACHABLE_CODE = YES;
				CLANG_WARN__DUPLICATE_METHOD_MATCH = YES;
				"CODE_SIGN_IDENTITY[sdk=iphoneos*]" = "iPhone Developer";
				COPY_PHASE_STRIP = NO;
				DEBUG_INFORMATION_FORMAT = "dwarf-with-dsym";
				ENABLE_NS_ASSERTIONS = NO;
				ENABLE_STRICT_OBJC_MSGSEND = YES;
				GCC_C_LANGUAGE_STANDARD = gnu99;
				GCC_NO_COMMON_BLOCKS = YES;
				GCC_OPTIMIZATION_LEVEL = fast;
				GCC_WARN_64_TO_32_BIT_CONVERSION = YES;
				GCC_WARN_ABOUT_RETURN_TYPE = YES_ERROR;
				GCC_WARN_UNDECLARED_SELECTOR = YES;
				GCC_WARN_UNINITIALIZED_AUTOS = YES_AGGRESSIVE;
				GCC_WARN_UNUSED_FUNCTION = YES;
				GCC_WARN_UNUSED_VARIABLE = YES;
				IPHONEOS_DEPLOYMENT_TARGET = 10.1;
				MTL_ENABLE_DEBUG_INFO = NO;
				SDKROOT = iphoneos;
				SWIFT_OPTIMIZATION_LEVEL = "-Owholemodule";
				VALIDATE_PRODUCT = YES;
			};
			name = Release;
		};
		3098BECD1DE1DE65009C62D4 /* Debug */ = {
			isa = XCBuildConfiguration;
			buildSettings = {
				ALWAYS_EMBED_SWIFT_STANDARD_LIBRARIES = YES;
				ALWAYS_SEARCH_USER_PATHS = NO;
				ARCHS = arm64;
				"ARCHS[sdk=*]" = arm64;
				ASSETCATALOG_COMPILER_APPICON_NAME = AppIcon;
				ASSETCATALOG_COMPILER_OPTIMIZATION = time;
				CLANG_CXX_LIBRARY = "compiler-default";
				CLANG_ENABLE_MODULES = YES;
				CLANG_USE_OPTIMIZATION_PROFILE = NO;
				DEVELOPMENT_TEAM = DFS96U9YDQ;
				ENABLE_BITCODE = NO;
				GCC_OPTIMIZATION_LEVEL = 0;
				HEADER_SEARCH_PATHS = "$(SRCROOT)/Scanner/";
				INFOPLIST_FILE = Scanner/Info.plist;
				IPHONEOS_DEPLOYMENT_TARGET = 9.0;
				LD_RUNPATH_SEARCH_PATHS = "$(inherited) @executable_path/Frameworks";
				LIBRARY_SEARCH_PATHS = (
					"$(inherited)",
					"$(PROJECT_DIR)/OpenSSL/lib",
					"$(PROJECT_DIR)/curl",
					"$(PROJECT_DIR)/Scanner/curl",
					"/Users/adamroberts/Downloads/j2objc-master-2/dist/lib",
				);
				OTHER_LDFLAGS = "$(inherited)";
				PRODUCT_BUNDLE_IDENTIFIER = Pico.Scanner;
				PRODUCT_NAME = "$(TARGET_NAME)";
				SWIFT_OBJC_BRIDGING_HEADER = "Scanner/Scanner-Bridging-Header.h";
				SWIFT_OPTIMIZATION_LEVEL = "-Onone";
				SWIFT_VERSION = 3.0;
				USER_HEADER_SEARCH_PATHS = "/Users/adamroberts/Downloads/j2objc-master-2/dist/include /Users/adamroberts/Desktop/Scanner/Scanner";
				VALID_ARCHS = arm64;
			};
			name = Debug;
		};
		3098BECE1DE1DE65009C62D4 /* Release */ = {
			isa = XCBuildConfiguration;
			buildSettings = {
				ALWAYS_EMBED_SWIFT_STANDARD_LIBRARIES = YES;
				ALWAYS_SEARCH_USER_PATHS = NO;
				ARCHS = arm64;
				ASSETCATALOG_COMPILER_APPICON_NAME = AppIcon;
				ASSETCATALOG_COMPILER_OPTIMIZATION = time;
				CLANG_CXX_LIBRARY = "compiler-default";
				CLANG_ENABLE_MODULES = YES;
				CLANG_USE_OPTIMIZATION_PROFILE = NO;
				DEVELOPMENT_TEAM = DFS96U9YDQ;
				ENABLE_BITCODE = NO;
				GCC_OPTIMIZATION_LEVEL = fast;
				HEADER_SEARCH_PATHS = "$(SRCROOT)/Scanner/";
				INFOPLIST_FILE = Scanner/Info.plist;
				IPHONEOS_DEPLOYMENT_TARGET = 9.0;
				LD_RUNPATH_SEARCH_PATHS = "$(inherited) @executable_path/Frameworks";
				LIBRARY_SEARCH_PATHS = (
					"$(inherited)",
					"$(PROJECT_DIR)/OpenSSL/lib",
					"$(PROJECT_DIR)/curl",
					"$(PROJECT_DIR)/Scanner/curl",
					"/Users/adamroberts/Downloads/j2objc-master-2/dist/lib",
				);
				OTHER_LDFLAGS = "$(inherited)";
				PRODUCT_BUNDLE_IDENTIFIER = Pico.Scanner;
				PRODUCT_NAME = "$(TARGET_NAME)";
				SWIFT_OBJC_BRIDGING_HEADER = "Scanner/Scanner-Bridging-Header.h";
				SWIFT_OPTIMIZATION_LEVEL = "-Owholemodule";
				SWIFT_VERSION = 3.0;
				USER_HEADER_SEARCH_PATHS = "/Users/adamroberts/Downloads/j2objc-master-2/dist/include /Users/adamroberts/Desktop/Scanner/Scanner";
				VALID_ARCHS = arm64;
			};
			name = Release;
		};
		3098BED01DE1DE65009C62D4 /* Debug */ = {
			isa = XCBuildConfiguration;
			buildSettings = {
				ALWAYS_EMBED_SWIFT_STANDARD_LIBRARIES = YES;
				BUNDLE_LOADER = "$(TEST_HOST)";
				INFOPLIST_FILE = ScannerTests/Info.plist;
				LD_RUNPATH_SEARCH_PATHS = "$(inherited) @executable_path/Frameworks @loader_path/Frameworks";
				PRODUCT_BUNDLE_IDENTIFIER = Pico.ScannerTests;
				PRODUCT_NAME = "$(TARGET_NAME)";
				SWIFT_VERSION = 3.0;
				TEST_HOST = "$(BUILT_PRODUCTS_DIR)/Scanner.app/Scanner";
			};
			name = Debug;
		};
		3098BED11DE1DE65009C62D4 /* Release */ = {
			isa = XCBuildConfiguration;
			buildSettings = {
				ALWAYS_EMBED_SWIFT_STANDARD_LIBRARIES = YES;
				BUNDLE_LOADER = "$(TEST_HOST)";
				INFOPLIST_FILE = ScannerTests/Info.plist;
				LD_RUNPATH_SEARCH_PATHS = "$(inherited) @executable_path/Frameworks @loader_path/Frameworks";
				PRODUCT_BUNDLE_IDENTIFIER = Pico.ScannerTests;
				PRODUCT_NAME = "$(TARGET_NAME)";
				SWIFT_VERSION = 3.0;
				TEST_HOST = "$(BUILT_PRODUCTS_DIR)/Scanner.app/Scanner";
			};
			name = Release;
		};
		3098BED31DE1DE65009C62D4 /* Debug */ = {
			isa = XCBuildConfiguration;
			buildSettings = {
				ALWAYS_EMBED_SWIFT_STANDARD_LIBRARIES = YES;
				INFOPLIST_FILE = ScannerUITests/Info.plist;
				LD_RUNPATH_SEARCH_PATHS = "$(inherited) @executable_path/Frameworks @loader_path/Frameworks";
				PRODUCT_BUNDLE_IDENTIFIER = Pico.ScannerUITests;
				PRODUCT_NAME = "$(TARGET_NAME)";
				SWIFT_VERSION = 3.0;
				TEST_TARGET_NAME = Scanner;
			};
			name = Debug;
		};
		3098BED41DE1DE65009C62D4 /* Release */ = {
			isa = XCBuildConfiguration;
			buildSettings = {
				ALWAYS_EMBED_SWIFT_STANDARD_LIBRARIES = YES;
				INFOPLIST_FILE = ScannerUITests/Info.plist;
				LD_RUNPATH_SEARCH_PATHS = "$(inherited) @executable_path/Frameworks @loader_path/Frameworks";
				PRODUCT_BUNDLE_IDENTIFIER = Pico.ScannerUITests;
				PRODUCT_NAME = "$(TARGET_NAME)";
				SWIFT_VERSION = 3.0;
				TEST_TARGET_NAME = Scanner;
			};
			name = Release;
		};
/* End XCBuildConfiguration section */

/* Begin XCConfigurationList section */
		3098BE9F1DE1DE64009C62D4 /* Build configuration list for PBXProject "Scanner" */ = {
			isa = XCConfigurationList;
			buildConfigurations = (
				3098BECA1DE1DE65009C62D4 /* Debug */,
				3098BECB1DE1DE65009C62D4 /* Release */,
			);
			defaultConfigurationIsVisible = 0;
			defaultConfigurationName = Release;
		};
		3098BECC1DE1DE65009C62D4 /* Build configuration list for PBXNativeTarget "Scanner" */ = {
			isa = XCConfigurationList;
			buildConfigurations = (
				3098BECD1DE1DE65009C62D4 /* Debug */,
				3098BECE1DE1DE65009C62D4 /* Release */,
			);
			defaultConfigurationIsVisible = 0;
			defaultConfigurationName = Release;
		};
		3098BECF1DE1DE65009C62D4 /* Build configuration list for PBXNativeTarget "ScannerTests" */ = {
			isa = XCConfigurationList;
			buildConfigurations = (
				3098BED01DE1DE65009C62D4 /* Debug */,
				3098BED11DE1DE65009C62D4 /* Release */,
			);
			defaultConfigurationIsVisible = 0;
			defaultConfigurationName = Release;
		};
		3098BED21DE1DE65009C62D4 /* Build configuration list for PBXNativeTarget "ScannerUITests" */ = {
			isa = XCConfigurationList;
			buildConfigurations = (
				3098BED31DE1DE65009C62D4 /* Debug */,
				3098BED41DE1DE65009C62D4 /* Release */,
			);
			defaultConfigurationIsVisible = 0;
			defaultConfigurationName = Release;
		};
/* End XCConfigurationList section */
	};
	rootObject = 3098BE9C1DE1DE64009C62D4 /* Project object */;
}
